{
  "version": 1,
  "dependencies": {
    "net9.0": {
      "System.Text.Json": {
        "type": "Direct",
        "requested": "[9.0.0, )",
        "resolved": "9.0.0",
        "contentHash": "js7+qAu/9mQvnhA4EfGMZNEzXtJCDxgkgj8ohuxq/Qxv+R56G+ljefhiJHOxTNiw54q8vmABCWUwkMulNdlZ4A=="
      }
    }
  }
}