Microsoft Visual Studio Solution File, Format Version 12.00
# Visual Studio Version 17
VisualStudioVersion = 17.0.31903.59
MinimumVisualStudioVersion = 10.0.40219.1
Project("{2150E333-8FDC-42A3-9474-1A3956D46DE8}") = "src", "src", "{827E0CD3-B72D-47B6-A68D-7590B98EB39B}"
EndProject
Project("{FAE04EC0-301F-11D3-BF4B-00C04F79EFBC}") = "FluxIndex", "src\FluxIndex\FluxIndex.csproj", "{1359F32E-A8F6-4777-B892-00108FCCF6DD}"
EndProject
Project("{FAE04EC0-301F-11D3-BF4B-00C04F79EFBC}") = "FluxIndex.Core", "src\FluxIndex.Core\FluxIndex.Core.csproj", "{A1E2B3C4-D5F6-7890-ABCD-1234567890EF}"
EndProject
Project("{FAE04EC0-301F-11D3-BF4B-00C04F79EFBC}") = "FluxIndex.SDK", "src\FluxIndex.SDK\FluxIndex.SDK.csproj", "{F3F19C81-2849-4345-91C4-9F6D7970FEDE}"
EndProject
Project("{FAE04EC0-301F-11D3-BF4B-00C04F79EFBC}") = "FluxIndex.AI.OpenAI", "src\FluxIndex.AI.OpenAI\FluxIndex.AI.OpenAI.csproj", "{0998BB44-1EAD-437B-B1F9-940A71140AB3}"
EndProject
Project("{FAE04EC0-301F-11D3-BF4B-00C04F79EFBC}") = "FluxIndex.Storage.PostgreSQL", "src\FluxIndex.Storage.PostgreSQL\FluxIndex.Storage.PostgreSQL.csproj", "{90534464-123F-4CA4-92B7-FC68BAAB8507}"
EndProject
Project("{FAE04EC0-301F-11D3-BF4B-00C04F79EFBC}") = "FluxIndex.Cache.Redis", "src\FluxIndex.Cache.Redis\FluxIndex.Cache.Redis.csproj", "{67DE7657-C274-4FEA-8F37-852357D91E46}"
EndProject
Project("{FAE04EC0-301F-11D3-BF4B-00C04F79EFBC}") = "FluxIndex.Storage.SQLite", "src\FluxIndex.Storage.SQLite\FluxIndex.Storage.SQLite.csproj", "{9EC0518C-AB5F-4AF3-336F-AD254CE2F5B0}"
EndProject
Project("{2150E333-8FDC-42A3-9474-1A3956D46DE8}") = "samples", "samples", "{5D20AA90-6969-D8BD-9DCD-8634F4692FDA}"
EndProject
Project("{FAE04EC0-301F-11D3-BF4B-00C04F79EFBC}") = "RealQualityTest", "samples\RealQualityTest\RealQualityTest.csproj", "{D74A2297-9FF8-41D1-BC30-BBFC7B4CBD0B}"
EndProject
Project("{FAE04EC0-301F-11D3-BF4B-00C04F79EFBC}") = "WebFluxSample", "samples\WebFluxSample\WebFluxSample.csproj", "{A1B2C3D4-E5F6-7890-ABCD-EF1234567890}"
EndProject
Project("{FAE04EC0-301F-11D3-BF4B-00C04F79EFBC}") = "FluxIndex.Extensions.FileFlux", "src\FluxIndex.Extensions.FileFlux\FluxIndex.Extensions.FileFlux.csproj", "{3037FEC6-3E30-4E97-8254-3C5E00AFE85F}"
EndProject
Project("{2150E333-8FDC-42A3-9474-1A3956D46DE8}") = "Solution Items", "Solution Items", "{8EC462FD-D22E-90A8-E5CE-7E832BA40C5D}"
	ProjectSection(SolutionItems) = preProject
		Directory.Packages.props = Directory.Packages.props
	EndProjectSection
EndProject
Project("{FAE04EC0-301F-11D3-BF4B-00C04F79EFBC}") = "FluxIndex.Extensions.WebFlux", "src\FluxIndex.Extensions.WebFlux\FluxIndex.Extensions.WebFlux.csproj", "{FF502AE4-1E8A-4095-AD45-0C9F02F220D5}"
EndProject
Global
	GlobalSection(SolutionConfigurationPlatforms) = preSolution
		Debug|Any CPU = Debug|Any CPU
		Debug|x64 = Debug|x64
		Debug|x86 = Debug|x86
		Release|Any CPU = Release|Any CPU
		Release|x64 = Release|x64
		Release|x86 = Release|x86
	EndGlobalSection
	GlobalSection(ProjectConfigurationPlatforms) = postSolution
		{1359F32E-A8F6-4777-B892-00108FCCF6DD}.Debug|Any CPU.ActiveCfg = Debug|Any CPU
		{1359F32E-A8F6-4777-B892-00108FCCF6DD}.Debug|Any CPU.Build.0 = Debug|Any CPU
		{1359F32E-A8F6-4777-B892-00108FCCF6DD}.Debug|x64.ActiveCfg = Debug|Any CPU
		{1359F32E-A8F6-4777-B892-00108FCCF6DD}.Debug|x64.Build.0 = Debug|Any CPU
		{1359F32E-A8F6-4777-B892-00108FCCF6DD}.Debug|x86.ActiveCfg = Debug|Any CPU
		{1359F32E-A8F6-4777-B892-00108FCCF6DD}.Debug|x86.Build.0 = Debug|Any CPU
		{1359F32E-A8F6-4777-B892-00108FCCF6DD}.Release|Any CPU.ActiveCfg = Release|Any CPU
		{1359F32E-A8F6-4777-B892-00108FCCF6DD}.Release|Any CPU.Build.0 = Release|Any CPU
		{1359F32E-A8F6-4777-B892-00108FCCF6DD}.Release|x64.ActiveCfg = Debug|Any CPU
		{1359F32E-A8F6-4777-B892-00108FCCF6DD}.Release|x64.Build.0 = Debug|Any CPU
		{1359F32E-A8F6-4777-B892-00108FCCF6DD}.Release|x86.ActiveCfg = Debug|Any CPU
		{1359F32E-A8F6-4777-B892-00108FCCF6DD}.Release|x86.Build.0 = Debug|Any CPU
		{A1E2B3C4-D5F6-7890-ABCD-1234567890EF}.Debug|Any CPU.ActiveCfg = Debug|Any CPU
		{A1E2B3C4-D5F6-7890-ABCD-1234567890EF}.Debug|Any CPU.Build.0 = Debug|Any CPU
		{A1E2B3C4-D5F6-7890-ABCD-1234567890EF}.Debug|x64.ActiveCfg = Debug|Any CPU
		{A1E2B3C4-D5F6-7890-ABCD-1234567890EF}.Debug|x64.Build.0 = Debug|Any CPU
		{A1E2B3C4-D5F6-7890-ABCD-1234567890EF}.Debug|x86.ActiveCfg = Debug|Any CPU
		{A1E2B3C4-D5F6-7890-ABCD-1234567890EF}.Debug|x86.Build.0 = Debug|Any CPU
		{A1E2B3C4-D5F6-7890-ABCD-1234567890EF}.Release|Any CPU.ActiveCfg = Release|Any CPU
		{A1E2B3C4-D5F6-7890-ABCD-1234567890EF}.Release|Any CPU.Build.0 = Release|Any CPU
		{A1E2B3C4-D5F6-7890-ABCD-1234567890EF}.Release|x64.ActiveCfg = Debug|Any CPU
		{A1E2B3C4-D5F6-7890-ABCD-1234567890EF}.Release|x64.Build.0 = Debug|Any CPU
		{A1E2B3C4-D5F6-7890-ABCD-1234567890EF}.Release|x86.ActiveCfg = Debug|Any CPU
		{A1E2B3C4-D5F6-7890-ABCD-1234567890EF}.Release|x86.Build.0 = Debug|Any CPU
		{F3F19C81-2849-4345-91C4-9F6D7970FEDE}.Debug|Any CPU.ActiveCfg = Debug|Any CPU
		{F3F19C81-2849-4345-91C4-9F6D7970FEDE}.Debug|Any CPU.Build.0 = Debug|Any CPU
		{F3F19C81-2849-4345-91C4-9F6D7970FEDE}.Debug|x64.ActiveCfg = Debug|Any CPU
		{F3F19C81-2849-4345-91C4-9F6D7970FEDE}.Debug|x64.Build.0 = Debug|Any CPU
		{F3F19C81-2849-4345-91C4-9F6D7970FEDE}.Debug|x86.ActiveCfg = Debug|Any CPU
		{F3F19C81-2849-4345-91C4-9F6D7970FEDE}.Debug|x86.Build.0 = Debug|Any CPU
		{F3F19C81-2849-4345-91C4-9F6D7970FEDE}.Release|Any CPU.ActiveCfg = Release|Any CPU
		{F3F19C81-2849-4345-91C4-9F6D7970FEDE}.Release|Any CPU.Build.0 = Release|Any CPU
		{F3F19C81-2849-4345-91C4-9F6D7970FEDE}.Release|x64.ActiveCfg = Debug|Any CPU
		{F3F19C81-2849-4345-91C4-9F6D7970FEDE}.Release|x64.Build.0 = Debug|Any CPU
		{F3F19C81-2849-4345-91C4-9F6D7970FEDE}.Release|x86.ActiveCfg = Debug|Any CPU
		{F3F19C81-2849-4345-91C4-9F6D7970FEDE}.Release|x86.Build.0 = Debug|Any CPU
		{0998BB44-1EAD-437B-B1F9-940A71140AB3}.Debug|Any CPU.ActiveCfg = Debug|Any CPU
		{0998BB44-1EAD-437B-B1F9-940A71140AB3}.Debug|Any CPU.Build.0 = Debug|Any CPU
		{0998BB44-1EAD-437B-B1F9-940A71140AB3}.Debug|x64.ActiveCfg = Debug|Any CPU
		{0998BB44-1EAD-437B-B1F9-940A71140AB3}.Debug|x64.Build.0 = Debug|Any CPU
		{0998BB44-1EAD-437B-B1F9-940A71140AB3}.Debug|x86.ActiveCfg = Debug|Any CPU
		{0998BB44-1EAD-437B-B1F9-940A71140AB3}.Debug|x86.Build.0 = Debug|Any CPU
		{0998BB44-1EAD-437B-B1F9-940A71140AB3}.Release|Any CPU.ActiveCfg = Release|Any CPU
		{0998BB44-1EAD-437B-B1F9-940A71140AB3}.Release|Any CPU.Build.0 = Release|Any CPU
		{0998BB44-1EAD-437B-B1F9-940A71140AB3}.Release|x64.ActiveCfg = Debug|Any CPU
		{0998BB44-1EAD-437B-B1F9-940A71140AB3}.Release|x64.Build.0 = Debug|Any CPU
		{0998BB44-1EAD-437B-B1F9-940A71140AB3}.Release|x86.ActiveCfg = Debug|Any CPU
		{0998BB44-1EAD-437B-B1F9-940A71140AB3}.Release|x86.Build.0 = Debug|Any CPU
		{90534464-123F-4CA4-92B7-FC68BAAB8507}.Debug|Any CPU.ActiveCfg = Debug|Any CPU
		{90534464-123F-4CA4-92B7-FC68BAAB8507}.Debug|Any CPU.Build.0 = Debug|Any CPU
		{90534464-123F-4CA4-92B7-FC68BAAB8507}.Debug|x64.ActiveCfg = Debug|Any CPU
		{90534464-123F-4CA4-92B7-FC68BAAB8507}.Debug|x64.Build.0 = Debug|Any CPU
		{90534464-123F-4CA4-92B7-FC68BAAB8507}.Debug|x86.ActiveCfg = Debug|Any CPU
		{90534464-123F-4CA4-92B7-FC68BAAB8507}.Debug|x86.Build.0 = Debug|Any CPU
		{90534464-123F-4CA4-92B7-FC68BAAB8507}.Release|Any CPU.ActiveCfg = Release|Any CPU
		{90534464-123F-4CA4-92B7-FC68BAAB8507}.Release|Any CPU.Build.0 = Release|Any CPU
		{90534464-123F-4CA4-92B7-FC68BAAB8507}.Release|x64.ActiveCfg = Debug|Any CPU
		{90534464-123F-4CA4-92B7-FC68BAAB8507}.Release|x64.Build.0 = Debug|Any CPU
		{90534464-123F-4CA4-92B7-FC68BAAB8507}.Release|x86.ActiveCfg = Debug|Any CPU
		{90534464-123F-4CA4-92B7-FC68BAAB8507}.Release|x86.Build.0 = Debug|Any CPU
		{67DE7657-C274-4FEA-8F37-852357D91E46}.Debug|Any CPU.ActiveCfg = Debug|Any CPU
		{67DE7657-C274-4FEA-8F37-852357D91E46}.Debug|Any CPU.Build.0 = Debug|Any CPU
		{67DE7657-C274-4FEA-8F37-852357D91E46}.Debug|x64.ActiveCfg = Debug|Any CPU
		{67DE7657-C274-4FEA-8F37-852357D91E46}.Debug|x64.Build.0 = Debug|Any CPU
		{67DE7657-C274-4FEA-8F37-852357D91E46}.Debug|x86.ActiveCfg = Debug|Any CPU
		{67DE7657-C274-4FEA-8F37-852357D91E46}.Debug|x86.Build.0 = Debug|Any CPU
		{67DE7657-C274-4FEA-8F37-852357D91E46}.Release|Any CPU.ActiveCfg = Release|Any CPU
		{67DE7657-C274-4FEA-8F37-852357D91E46}.Release|Any CPU.Build.0 = Release|Any CPU
		{67DE7657-C274-4FEA-8F37-852357D91E46}.Release|x64.ActiveCfg = Debug|Any CPU
		{67DE7657-C274-4FEA-8F37-852357D91E46}.Release|x64.Build.0 = Debug|Any CPU
		{67DE7657-C274-4FEA-8F37-852357D91E46}.Release|x86.ActiveCfg = Debug|Any CPU
		{67DE7657-C274-4FEA-8F37-852357D91E46}.Release|x86.Build.0 = Debug|Any CPU
		{9EC0518C-AB5F-4AF3-336F-AD254CE2F5B0}.Debug|Any CPU.ActiveCfg = Debug|Any CPU
		{9EC0518C-AB5F-4AF3-336F-AD254CE2F5B0}.Debug|Any CPU.Build.0 = Debug|Any CPU
		{9EC0518C-AB5F-4AF3-336F-AD254CE2F5B0}.Debug|x64.ActiveCfg = Debug|Any CPU
		{9EC0518C-AB5F-4AF3-336F-AD254CE2F5B0}.Debug|x64.Build.0 = Debug|Any CPU
		{9EC0518C-AB5F-4AF3-336F-AD254CE2F5B0}.Debug|x86.ActiveCfg = Debug|Any CPU
		{9EC0518C-AB5F-4AF3-336F-AD254CE2F5B0}.Debug|x86.Build.0 = Debug|Any CPU
		{9EC0518C-AB5F-4AF3-336F-AD254CE2F5B0}.Release|Any CPU.ActiveCfg = Release|Any CPU
		{9EC0518C-AB5F-4AF3-336F-AD254CE2F5B0}.Release|Any CPU.Build.0 = Release|Any CPU
		{9EC0518C-AB5F-4AF3-336F-AD254CE2F5B0}.Release|x64.ActiveCfg = Debug|Any CPU
		{9EC0518C-AB5F-4AF3-336F-AD254CE2F5B0}.Release|x64.Build.0 = Debug|Any CPU
		{9EC0518C-AB5F-4AF3-336F-AD254CE2F5B0}.Release|x86.ActiveCfg = Debug|Any CPU
		{9EC0518C-AB5F-4AF3-336F-AD254CE2F5B0}.Release|x86.Build.0 = Debug|Any CPU
		{D74A2297-9FF8-41D1-BC30-BBFC7B4CBD0B}.Debug|Any CPU.ActiveCfg = Debug|Any CPU
		{D74A2297-9FF8-41D1-BC30-BBFC7B4CBD0B}.Debug|Any CPU.Build.0 = Debug|Any CPU
		{D74A2297-9FF8-41D1-BC30-BBFC7B4CBD0B}.Debug|x64.ActiveCfg = Debug|Any CPU
		{D74A2297-9FF8-41D1-BC30-BBFC7B4CBD0B}.Debug|x64.Build.0 = Debug|Any CPU
		{D74A2297-9FF8-41D1-BC30-BBFC7B4CBD0B}.Debug|x86.ActiveCfg = Debug|Any CPU
		{D74A2297-9FF8-41D1-BC30-BBFC7B4CBD0B}.Debug|x86.Build.0 = Debug|Any CPU
		{D74A2297-9FF8-41D1-BC30-BBFC7B4CBD0B}.Release|Any CPU.ActiveCfg = Release|Any CPU
		{D74A2297-9FF8-41D1-BC30-BBFC7B4CBD0B}.Release|Any CPU.Build.0 = Release|Any CPU
		{D74A2297-9FF8-41D1-BC30-BBFC7B4CBD0B}.Release|x64.ActiveCfg = Debug|Any CPU
		{D74A2297-9FF8-41D1-BC30-BBFC7B4CBD0B}.Release|x64.Build.0 = Debug|Any CPU
		{D74A2297-9FF8-41D1-BC30-BBFC7B4CBD0B}.Release|x86.ActiveCfg = Debug|Any CPU
		{D74A2297-9FF8-41D1-BC30-BBFC7B4CBD0B}.Release|x86.Build.0 = Debug|Any CPU
		{A1B2C3D4-E5F6-7890-ABCD-EF1234567890}.Debug|Any CPU.ActiveCfg = Debug|Any CPU
		{A1B2C3D4-E5F6-7890-ABCD-EF1234567890}.Debug|Any CPU.Build.0 = Debug|Any CPU
		{A1B2C3D4-E5F6-7890-ABCD-EF1234567890}.Debug|x64.ActiveCfg = Debug|Any CPU
		{A1B2C3D4-E5F6-7890-ABCD-EF1234567890}.Debug|x64.Build.0 = Debug|Any CPU
		{A1B2C3D4-E5F6-7890-ABCD-EF1234567890}.Debug|x86.ActiveCfg = Debug|Any CPU
		{A1B2C3D4-E5F6-7890-ABCD-EF1234567890}.Debug|x86.Build.0 = Debug|Any CPU
		{A1B2C3D4-E5F6-7890-ABCD-EF1234567890}.Release|Any CPU.ActiveCfg = Release|Any CPU
		{A1B2C3D4-E5F6-7890-ABCD-EF1234567890}.Release|Any CPU.Build.0 = Release|Any CPU
		{A1B2C3D4-E5F6-7890-ABCD-EF1234567890}.Release|x64.ActiveCfg = Debug|Any CPU
		{A1B2C3D4-E5F6-7890-ABCD-EF1234567890}.Release|x64.Build.0 = Debug|Any CPU
		{A1B2C3D4-E5F6-7890-ABCD-EF1234567890}.Release|x86.ActiveCfg = Debug|Any CPU
		{A1B2C3D4-E5F6-7890-ABCD-EF1234567890}.Release|x86.Build.0 = Debug|Any CPU
		{3037FEC6-3E30-4E97-8254-3C5E00AFE85F}.Debug|Any CPU.ActiveCfg = Debug|Any CPU
		{3037FEC6-3E30-4E97-8254-3C5E00AFE85F}.Debug|Any CPU.Build.0 = Debug|Any CPU
		{3037FEC6-3E30-4E97-8254-3C5E00AFE85F}.Debug|x64.ActiveCfg = Debug|Any CPU
		{3037FEC6-3E30-4E97-8254-3C5E00AFE85F}.Debug|x64.Build.0 = Debug|Any CPU
		{3037FEC6-3E30-4E97-8254-3C5E00AFE85F}.Debug|x86.ActiveCfg = Debug|Any CPU
		{3037FEC6-3E30-4E97-8254-3C5E00AFE85F}.Debug|x86.Build.0 = Debug|Any CPU
		{3037FEC6-3E30-4E97-8254-3C5E00AFE85F}.Release|Any CPU.ActiveCfg = Release|Any CPU
		{3037FEC6-3E30-4E97-8254-3C5E00AFE85F}.Release|Any CPU.Build.0 = Release|Any CPU
		{3037FEC6-3E30-4E97-8254-3C5E00AFE85F}.Release|x64.ActiveCfg = Debug|Any CPU
		{3037FEC6-3E30-4E97-8254-3C5E00AFE85F}.Release|x64.Build.0 = Debug|Any CPU
		{3037FEC6-3E30-4E97-8254-3C5E00AFE85F}.Release|x86.ActiveCfg = Debug|Any CPU
		{3037FEC6-3E30-4E97-8254-3C5E00AFE85F}.Release|x86.Build.0 = Debug|Any CPU
		{FF502AE4-1E8A-4095-AD45-0C9F02F220D5}.Debug|Any CPU.ActiveCfg = Debug|Any CPU
		{FF502AE4-1E8A-4095-AD45-0C9F02F220D5}.Debug|Any CPU.Build.0 = Debug|Any CPU
		{FF502AE4-1E8A-4095-AD45-0C9F02F220D5}.Debug|x64.ActiveCfg = Debug|Any CPU
		{FF502AE4-1E8A-4095-AD45-0C9F02F220D5}.Debug|x64.Build.0 = Debug|Any CPU
		{FF502AE4-1E8A-4095-AD45-0C9F02F220D5}.Debug|x86.ActiveCfg = Debug|Any CPU
		{FF502AE4-1E8A-4095-AD45-0C9F02F220D5}.Debug|x86.Build.0 = Debug|Any CPU
		{FF502AE4-1E8A-4095-AD45-0C9F02F220D5}.Release|Any CPU.ActiveCfg = Release|Any CPU
		{FF502AE4-1E8A-4095-AD45-0C9F02F220D5}.Release|Any CPU.Build.0 = Release|Any CPU
		{FF502AE4-1E8A-4095-AD45-0C9F02F220D5}.Release|x64.ActiveCfg = Release|Any CPU
		{FF502AE4-1E8A-4095-AD45-0C9F02F220D5}.Release|x64.Build.0 = Release|Any CPU
		{FF502AE4-1E8A-4095-AD45-0C9F02F220D5}.Release|x86.ActiveCfg = Release|Any CPU
		{FF502AE4-1E8A-4095-AD45-0C9F02F220D5}.Release|x86.Build.0 = Release|Any CPU
	EndGlobalSection
	GlobalSection(SolutionProperties) = preSolution
		HideSolutionNode = FALSE
	EndGlobalSection
	GlobalSection(NestedProjects) = preSolution
		{1359F32E-A8F6-4777-B892-00108FCCF6DD} = {827E0CD3-B72D-47B6-A68D-7590B98EB39B}
		{A1E2B3C4-D5F6-7890-ABCD-1234567890EF} = {827E0CD3-B72D-47B6-A68D-7590B98EB39B}
		{F3F19C81-2849-4345-91C4-9F6D7970FEDE} = {827E0CD3-B72D-47B6-A68D-7590B98EB39B}
		{0998BB44-1EAD-437B-B1F9-940A71140AB3} = {827E0CD3-B72D-47B6-A68D-7590B98EB39B}
		{90534464-123F-4CA4-92B7-FC68BAAB8507} = {827E0CD3-B72D-47B6-A68D-7590B98EB39B}
		{67DE7657-C274-4FEA-8F37-852357D91E46} = {827E0CD3-B72D-47B6-A68D-7590B98EB39B}
		{9EC0518C-AB5F-4AF3-336F-AD254CE2F5B0} = {827E0CD3-B72D-47B6-A68D-7590B98EB39B}
		{D74A2297-9FF8-41D1-BC30-BBFC7B4CBD0B} = {5D20AA90-6969-D8BD-9DCD-8634F4692FDA}
		{A1B2C3D4-E5F6-7890-ABCD-EF1234567890} = {5D20AA90-6969-D8BD-9DCD-8634F4692FDA}
		{3037FEC6-3E30-4E97-8254-3C5E00AFE85F} = {827E0CD3-B72D-47B6-A68D-7590B98EB39B}
		{FF502AE4-1E8A-4095-AD45-0C9F02F220D5} = {827E0CD3-B72D-47B6-A68D-7590B98EB39B}
	EndGlobalSection
	GlobalSection(ExtensibilityGlobals) = postSolution
		SolutionGuid = {021AFA3C-88FB-4C88-B3BF-F0F7B5CE92C4}
	EndGlobalSection
EndGlobal
