{
  "version": 2,
  "dependencies": {
    "net10.0": {
      "Microsoft.Extensions.Caching.StackExchangeRedis": {
        "type": "Direct",
        "requested": "[10.0.1, )",
        "resolved": "10.0.1",
        "contentHash": "M7+349/EtaszydCxz/vtj4fUgbwE6NfDAfh98+oeWHPdBthgWKDCdnFV92p9UtyFN8Ln0e0w1ZzJvvbNzpMtaQ==",
        "dependencies": {
          "Microsoft.Extensions.Caching.Abstractions": "10.0.1",
          "Microsoft.Extensions.Logging.Abstractions": "10.0.1",
          "Microsoft.Extensions.Options": "10.0.1",
          "StackExchange.Redis": "2.7.27"
        }
      },
      "Microsoft.Extensions.DependencyInjection.Abstractions": {
        "type": "Direct",
        "requested": "[10.0.1, )",
        "resolved": "10.0.1",
        "contentHash": "oIy8fQxxbUsSrrOvgBqlVgOeCtDmrcynnTG+FQufcUWBrwyPfwlUkCDB2vaiBeYPyT+20u9/HeuHeBf+H4F/8g=="
      },
      "Microsoft.Extensions.Logging.Abstractions": {
        "type": "Direct",
        "requested": "[10.0.1, )",
        "resolved": "10.0.1",
        "contentHash": "YkmyiPIWAXVb+lPIrM0LE5bbtLOJkCiRTFiHpkVOvhI7uTvCfoOHLEN0LcsY56GpSD7NqX3gJNpsaDe87/B3zg==",
        "dependencies": {
          "Microsoft.Extensions.DependencyInjection.Abstractions": "10.0.1"
        }
      },
      "StackExchange.Redis": {
        "type": "Direct",
        "requested": "[2.10.1, )",
        "resolved": "2.10.1",
        "contentHash": "se08WZvD42H3bV4XBW07pupTiE2/72qStKyi/lRqqcijksFWfRtwLTuhFtZ4OX19f4+we/2qruFZBXYJBFc8PQ==",
        "dependencies": {
          "Microsoft.Extensions.Logging.Abstractions": "8.0.0",
          "Pipelines.Sockets.Unofficial": "2.2.8",
          "System.IO.Hashing": "9.0.10"
        }
      },
      "CsvHelper": {
        "type": "Transitive",
        "resolved": "33.1.0",
        "contentHash": "kqfTOZGrn7NarNeXgjh86JcpTHUoeQDMB8t9NVa/ZtlSYiV1rxfRnQ49WaJsob4AiGrbK0XDzpyKkBwai4F8eg=="
      },
      "DocumentFormat.OpenXml": {
        "type": "Transitive",
        "resolved": "3.3.0",
        "contentHash": "JogRPJNiE6kKvbuCqVRX691pPWeGMqdQgjrUwRYkdpfkMmtElfqAgcRR73geYj7OtBeEpstldZXXzJw27LUI9w==",
        "dependencies": {
          "DocumentFormat.OpenXml.Framework": "3.3.0"
        }
      },
      "DocumentFormat.OpenXml.Framework": {
        "type": "Transitive",
        "resolved": "3.3.0",
        "contentHash": "R5CLzEoeyr7XDB7g3NTxRobcU19agaxVAhGZm+fZUShJGiU4bw8oUgnA2BNFepigJckfFMayOBMAbV3kDXNInA==",
        "dependencies": {
          "System.IO.Packaging": "8.0.1"
        }
      },
      "FileFlux.Core": {
        "type": "Transitive",
        "resolved": "0.7.1",
        "contentHash": "ipVSAOasUai4srqqX+lCXX30FW7o9nS48YXW+f4yHLmKxUkGdWTpPjWtajY9wlONwvWM4A1qjqNKHWlGbfxfFw==",
        "dependencies": {
          "CsvHelper": "33.1.0",
          "DocumentFormat.OpenXml": "3.3.0",
          "HtmlAgilityPack": "1.12.4",
          "Mammoth": "1.11.0",
          "Markdig": "0.44.0",
          "Microsoft.Extensions.DependencyInjection.Abstractions": "10.0.1",
          "PdfPig": "0.1.12",
          "ReverseMarkdown": "4.7.1"
        }
      },
      "FluxCurator": {
        "type": "Transitive",
        "resolved": "0.5.0",
        "contentHash": "YXSzMk84UQLDoyUKf4dsXm6P2Ssug7fYgxuFXWtbCKAgYSIdnOcWGPsfD8rWxPSwMmi7Fp3p77otdO2bFM6l6g==",
        "dependencies": {
          "FluxCurator.Core": "0.5.0",
          "LocalEmbedder": "0.3.1",
          "Microsoft.Extensions.DependencyInjection.Abstractions": "9.0.0"
        }
      },
      "FluxCurator.Core": {
        "type": "Transitive",
        "resolved": "0.5.0",
        "contentHash": "ix7EcCukRwgQ4HvOAL+dYraJuO+hAAls6SiA+dpFVM7yfkT16wYvw/b6RqcZwKjhpYgyQNUW/1KCJ9ukVnCVKw=="
      },
      "Mammoth": {
        "type": "Transitive",
        "resolved": "1.11.0",
        "contentHash": "Gqb0ylU9ADphhD04gzYSncOeGsuQobm1ldgS+1xvKoJU+eiSydEla+FR6cDXf+o42j0vo9RXWJNNmsVSn6MPxA=="
      },
      "Markdig": {
        "type": "Transitive",
        "resolved": "0.44.0",
        "contentHash": "X+CYMjcUnh/yO24wOSQxVFLiGqWrrtXJ5M7toHiM1Zk4Fg9UMLN5fkaq6FSOWH+mIprsHHgDMlq3MJhmrXalhg=="
      },
      "Microsoft.Extensions.Caching.Abstractions": {
        "type": "Transitive",
        "resolved": "10.0.1",
        "contentHash": "Vb1vVAQDxHpXVdL9fpOX2BzeV7bbhzG4pAcIKRauRl0/VfkE8mq0f+fYC+gWICh3dlzTZInJ/cTeBS2MgU/XvQ==",
        "dependencies": {
          "Microsoft.Extensions.Primitives": "10.0.1"
        }
      },
      "Microsoft.Extensions.ObjectPool": {
        "type": "Transitive",
        "resolved": "10.0.1",
        "contentHash": "HqAEbtoAhgvH53c54IV5e4vQ60PYvl7Z/WIHsbet+UGGE7n+7dwVNXw1mb9LZlWbsxnupCevvtgIne5P//ZKpQ=="
      },
      "Microsoft.Extensions.Options.ConfigurationExtensions": {
        "type": "Transitive",
        "resolved": "10.0.1",
        "contentHash": "pL78/Im7O3WmxHzlKUsWTYchKL881udU7E26gCD3T0+/tPhWVfjPwMzfN/MRKU7aoFYcOiqcG2k1QTlH5woWow==",
        "dependencies": {
          "Microsoft.Extensions.Configuration.Abstractions": "10.0.1",
          "Microsoft.Extensions.Configuration.Binder": "10.0.1",
          "Microsoft.Extensions.DependencyInjection.Abstractions": "10.0.1",
          "Microsoft.Extensions.Options": "10.0.1",
          "Microsoft.Extensions.Primitives": "10.0.1"
        }
      },
      "Microsoft.Extensions.Primitives": {
        "type": "Transitive",
        "resolved": "10.0.1",
        "contentHash": "DO8XrJkp5x4PddDuc/CH37yDBCs9BYN6ijlKyR3vMb55BP1Vwh90vOX8bNfnKxr5B2qEI3D8bvbY1fFbDveDHQ=="
      },
      "Microsoft.ML.OnnxRuntime": {
        "type": "Transitive",
        "resolved": "1.23.2",
        "contentHash": "849xImRO0vxDH7DNlg/FAVGExKfjN1r2CIZevZGI5JQCoOj+0T23ShqPEgu5mLTwElot5X7V0qkO0jUz/yJZbA==",
        "dependencies": {
          "Microsoft.ML.OnnxRuntime.Managed": "1.23.2"
        }
      },
      "Microsoft.ML.OnnxRuntime.Managed": {
        "type": "Transitive",
        "resolved": "1.23.2",
        "contentHash": "HtlQuzmVrqhnkmwfmkQ+2re8xPxtVmeLRQaYSJ3pXfzKs4b36+yBfa/LnDuzfX1bGcyWn/McKxmbY87TCAmo1Q==",
        "dependencies": {
          "System.Numerics.Tensors": "9.0.0"
        }
      },
      "NTextCat": {
        "type": "Transitive",
        "resolved": "0.3.65",
        "contentHash": "Yc2mJwJJPf5rEmzadOPFWmsejuHbCIqKwmarrwibNT6MhySs3COKZ1dEL7Z+UzsiQ7pO2RWhpvatilxB+l4DaQ=="
      },
      "PdfPig": {
        "type": "Transitive",
        "resolved": "0.1.12",
        "contentHash": "QP5Ve0xOkqK+zejRIN+R3UDjceIjdViBBIGMSmbyh6MfTmgrQ7FAx3YmDUqIgVY2gwPZRUuZFPJJdppBI0pw/g=="
      },
      "Pipelines.Sockets.Unofficial": {
        "type": "Transitive",
        "resolved": "2.2.8",
        "contentHash": "zG2FApP5zxSx6OcdJQLbZDk2AVlN2BNQD6MorwIfV6gVj0RRxWPEp2LXAxqDGZqeNV1Zp0BNPcNaey/GXmTdvQ=="
      },
      "Polly.Core": {
        "type": "Transitive",
        "resolved": "8.6.5",
        "contentHash": "t+sUVrIwvo7UmsgHGgOG9F0GDZSRIm47u2ylH17Gvcv1q5hNEwgD5GoBlFyc0kh/pebmPyrAgvGsR/65ZBaXlg=="
      },
      "ReverseMarkdown": {
        "type": "Transitive",
        "resolved": "4.7.1",
        "contentHash": "Tz8yJXg8J1O9xJn6fXzjeEcLTYjfwbauCGwK4f/dpxOOpo3iniXIggmRlJ7F91yHJPB0Gm4lk1/qV0Jxip4a8A==",
        "dependencies": {
          "HtmlAgilityPack": "1.12.1"
        }
      },
      "System.IO.Hashing": {
        "type": "Transitive",
        "resolved": "9.0.10",
        "contentHash": "9gv5z71xaWWmcGEs4bXdreIhKp2kYLK2fvPK5gQkgnWMYvZ8ieaxKofDjxL3scZiEYfi/yW2nJTiKV2awcWEdA=="
      },
      "System.IO.Packaging": {
        "type": "Transitive",
        "resolved": "8.0.1",
        "contentHash": "KYkIOAvPexQOLDxPO2g0BVoWInnQhPpkFzRqvNrNrMhVT6kqhVr0zEb6KCHlptLFukxnZrjuMVAnxK7pOGUYrw=="
      },
      "System.Numerics.Tensors": {
        "type": "Transitive",
        "resolved": "10.0.0",
        "contentHash": "PxZKFx8ACAt7gRnTSDgtZFA06cimls5XL1Olv63bWF8qKL5+EQdqq3K02etW4LNut4xDoREPe9z7QYATLMkBPA=="
      },
      "fluxindex.core": {
        "type": "Project",
        "dependencies": {
          "FileFlux": "[0.7.1, )",
          "Microsoft.Extensions.DependencyInjection.Abstractions": "[10.0.1, )",
          "Microsoft.Extensions.Logging.Abstractions": "[10.0.1, )"
        }
      },
      "FileFlux": {
        "type": "CentralTransitive",
        "requested": "[0.7.1, )",
        "resolved": "0.7.1",
        "contentHash": "WVcrE+4uHN+6xuqg1ebl65/ChNrOpjHqx0YeEYe7UPYS71W20O1uO/Rqael/cPsOXdwyW6vBn+1Y/KG7LsA66A==",
        "dependencies": {
          "CsvHelper": "33.1.0",
          "DocumentFormat.OpenXml": "3.3.0",
          "FileFlux.Core": "0.7.1",
          "FluxCurator": "0.5.0",
          "FluxImprover": "0.4.1",
          "HtmlAgilityPack": "1.12.4",
          "LocalEmbedder": "0.3.1",
          "Mammoth": "1.11.0",
          "Markdig": "0.44.0",
          "Microsoft.Extensions.Caching.Memory": "10.0.1",
          "Microsoft.Extensions.Configuration": "10.0.1",
          "Microsoft.Extensions.DependencyInjection.Abstractions": "10.0.1",
          "Microsoft.Extensions.Logging.Abstractions": "10.0.1",
          "Microsoft.Extensions.ObjectPool": "10.0.1",
          "Microsoft.Extensions.Options.ConfigurationExtensions": "10.0.1",
          "NTextCat": "0.3.65",
          "PdfPig": "0.1.12",
          "ReverseMarkdown": "4.7.1"
        }
      },
      "FluxImprover": {
        "type": "CentralTransitive",
        "requested": "[0.4.2, )",
        "resolved": "0.4.1",
        "contentHash": "nUo/I6ixZ2lbJFwnNZ9ogj8UxR0yEDRZ7Oha/DC4AjDJouxx4z30llcUE92FKSrwq8TH9KhYNca7+QyGMqGcww==",
        "dependencies": {
          "Microsoft.Extensions.DependencyInjection.Abstractions": "10.0.0",
          "Microsoft.Extensions.Options": "10.0.0",
          "Polly.Core": "8.6.5"
        }
      },
      "HtmlAgilityPack": {
        "type": "CentralTransitive",
        "requested": "[1.12.3, )",
        "resolved": "1.12.4",
        "contentHash": "ljqvBabvFwKoLniuoQKO8b5bJfJweKLs4fUNS/V5dsvpo0A8MlJqxxn9XVmP2DaskbUXty6IYaWAi1SArGIMeQ=="
      },
      "LocalEmbedder": {
        "type": "CentralTransitive",
        "requested": "[0.3.1, )",
        "resolved": "0.3.1",
        "contentHash": "kbYe32KCBONBItgvKf28YGuDOTfvAp1VQ5UkTBHvfiWnQutKdIGkq9WwjD5ckb2qdA1C48X4uk8LTGeJYay+rw==",
        "dependencies": {
          "Microsoft.ML.OnnxRuntime": "1.23.2",
          "System.Numerics.Tensors": "10.0.0"
        }
      },
      "Microsoft.Extensions.Caching.Memory": {
        "type": "CentralTransitive",
        "requested": "[10.0.1, )",
        "resolved": "10.0.1",
        "contentHash": "NxqSP0Ky4dZ5ybszdZCqs1X2C70s+dXflqhYBUh/vhcQVTIooNCXIYnLVbafoAFGZMs51d9+rHxveXs0ZC3SQQ==",
        "dependencies": {
          "Microsoft.Extensions.Caching.Abstractions": "10.0.1",
          "Microsoft.Extensions.DependencyInjection.Abstractions": "10.0.1",
          "Microsoft.Extensions.Logging.Abstractions": "10.0.1",
          "Microsoft.Extensions.Options": "10.0.1",
          "Microsoft.Extensions.Primitives": "10.0.1"
        }
      },
      "Microsoft.Extensions.Configuration": {
        "type": "CentralTransitive",
        "requested": "[10.0.1, )",
        "resolved": "10.0.1",
        "contentHash": "njoRekyMIK+smav8B6KL2YgIfUtlsRNuT7wvurpLW+m/hoRKVnoELk2YxnUnWRGScCd1rukLMxShwLqEOKowDg==",
        "dependencies": {
          "Microsoft.Extensions.Configuration.Abstractions": "10.0.1",
          "Microsoft.Extensions.Primitives": "10.0.1"
        }
      },
      "Microsoft.Extensions.Configuration.Abstractions": {
        "type": "CentralTransitive",
        "requested": "[10.0.1, )",
        "resolved": "10.0.1",
        "contentHash": "kPlU11hql+L9RjrN2N9/0GcRcRcZrNFlLLjadasFWeBORT6pL6OE+RYRk90GGCyVGSxTK+e1/f3dsMj5zpFFiQ==",
        "dependencies": {
          "Microsoft.Extensions.Primitives": "10.0.1"
        }
      },
      "Microsoft.Extensions.Configuration.Binder": {
        "type": "CentralTransitive",
        "requested": "[10.0.1, )",
        "resolved": "10.0.1",
        "contentHash": "Lp4CZIuTVXtlvkAnTq6QvMSW7+H62gX2cU2vdFxHQUxvrWTpi7LwYI3X+YAyIS0r12/p7gaosco7efIxL4yFNw==",
        "dependencies": {
          "Microsoft.Extensions.Configuration": "10.0.1",
          "Microsoft.Extensions.Configuration.Abstractions": "10.0.1"
        }
      },
      "Microsoft.Extensions.Options": {
        "type": "CentralTransitive",
        "requested": "[10.0.1, )",
        "resolved": "10.0.1",
        "contentHash": "G6VVwywpJI4XIobetGHwg7wDOYC2L2XBYdtskxLaKF/Ynb5QBwLl7Q//wxAR2aVCLkMpoQrjSP9VoORkyddsNQ==",
        "dependencies": {
          "Microsoft.Extensions.DependencyInjection.Abstractions": "10.0.1",
          "Microsoft.Extensions.Primitives": "10.0.1"
        }
      }
    }
  }
}