{
  "version": 1,
  "dependencies": {
    "net9.0": {
      "Microsoft.Extensions.Caching.Abstractions": {
        "type": "Direct",
        "requested": "[9.0.9, )",
        "resolved": "9.0.9",
        "contentHash": "NgtRHOdPrAEacfjXLSrH/SRrSqGf6Vaa6d16mW2yoyJdg7AJr0BnBvxkv7PkCm/CHVyzojTK7Y+oUDEulqY1Qw==",
        "dependencies": {
          "Microsoft.Extensions.Primitives": "9.0.9"
        }
      },
      "Microsoft.Extensions.Configuration.Abstractions": {
        "type": "Direct",
        "requested": "[9.0.9, )",
        "resolved": "9.0.9",
        "contentHash": "p5RKAY9POvs3axwA/AQRuJeM8AHuE8h4qbP1NxQeGm0ep46aXz1oCLAp/oOYxX1GsjStgdhHrN3XXLLXr0+b3w==",
        "dependencies": {
          "Microsoft.Extensions.Primitives": "9.0.9"
        }
      },
      "Microsoft.Extensions.DependencyInjection.Abstractions": {
        "type": "Direct",
        "requested": "[9.0.9, )",
        "resolved": "9.0.9",
        "contentHash": "/hymojfWbE9AlDOa0mczR44m00Jj+T3+HZO0ZnVTI032fVycI0ZbNOVFP6kqZMcXiLSYXzR2ilcwaRi6dzeGyA=="
      },
      "Microsoft.Extensions.Logging.Abstractions": {
        "type": "Direct",
        "requested": "[9.0.9, )",
        "resolved": "9.0.9",
        "contentHash": "FEgpSF+Z9StMvrsSViaybOBwR0f0ZZxDm8xV5cSOFiXN/t+ys+rwAlTd/6yG7Ld1gfppgvLcMasZry3GsI9lGA==",
        "dependencies": {
          "Microsoft.Extensions.DependencyInjection.Abstractions": "9.0.9"
        }
      },
      "Microsoft.SourceLink.GitHub": {
        "type": "Direct",
        "requested": "[8.0.0, )",
        "resolved": "8.0.0",
        "contentHash": "G5q7OqtwIyGTkeIOAc3u2ZuV/kicQaec5EaRnc0pIeSnh9LUjj+PYQrJYBURvDt7twGl2PKA7nSN0kz1Zw5bnQ==",
        "dependencies": {
          "Microsoft.Build.Tasks.Git": "8.0.0",
          "Microsoft.SourceLink.Common": "8.0.0"
        }
      },
      "StackExchange.Redis": {
        "type": "Direct",
        "requested": "[2.8.22, )",
        "resolved": "2.8.22",
        "contentHash": "GRA97f4cHYxBI/fKOfgs3GyKklc5is6YKM2yWbkiCZGR/JKsXIo0sRJSSeJabriJAZkKFthM0rXnULFfSbs0KA==",
        "dependencies": {
          "Microsoft.Extensions.Logging.Abstractions": "6.0.0",
          "Pipelines.Sockets.Unofficial": "2.2.8"
        }
      },
      "CsvHelper": {
        "type": "Transitive",
        "resolved": "33.1.0",
        "contentHash": "kqfTOZGrn7NarNeXgjh86JcpTHUoeQDMB8t9NVa/ZtlSYiV1rxfRnQ49WaJsob4AiGrbK0XDzpyKkBwai4F8eg=="
      },
      "DocumentFormat.OpenXml": {
        "type": "Transitive",
        "resolved": "3.3.0",
        "contentHash": "JogRPJNiE6kKvbuCqVRX691pPWeGMqdQgjrUwRYkdpfkMmtElfqAgcRR73geYj7OtBeEpstldZXXzJw27LUI9w==",
        "dependencies": {
          "DocumentFormat.OpenXml.Framework": "3.3.0"
        }
      },
      "DocumentFormat.OpenXml.Framework": {
        "type": "Transitive",
        "resolved": "3.3.0",
        "contentHash": "R5CLzEoeyr7XDB7g3NTxRobcU19agaxVAhGZm+fZUShJGiU4bw8oUgnA2BNFepigJckfFMayOBMAbV3kDXNInA==",
        "dependencies": {
          "System.IO.Packaging": "8.0.1"
        }
      },
      "FileFlux": {
        "type": "Transitive",
        "resolved": "0.2.4",
        "contentHash": "KWuPPdPDBlS49fd1s6EOnMPU8C2PTesKPl55GGjmoVsA1ihYwKmlC2lNXLAD2W21n5HkV2dzELJj4BBJoDhM8A==",
        "dependencies": {
          "CsvHelper": "33.1.0",
          "DocumentFormat.OpenXml": "3.3.0",
          "HtmlAgilityPack": "1.12.2",
          "Markdig": "0.41.3",
          "Microsoft.Extensions.Caching.Memory": "9.0.8",
          "Microsoft.Extensions.DependencyInjection.Abstractions": "9.0.8",
          "Microsoft.Extensions.Logging.Abstractions": "9.0.8",
          "Microsoft.Extensions.ObjectPool": "9.0.8",
          "Microsoft.Extensions.Options.ConfigurationExtensions": "9.0.8",
          "PdfPig": "0.1.8"
        }
      },
      "HtmlAgilityPack": {
        "type": "Transitive",
        "resolved": "1.12.2",
        "contentHash": "btF/9sB65h0V9ipZxVfEQ9fxDwXSFRwhi4Z1qFBgnXONqWVKZE3LxS0JEMW73G3gvrFI7/IAqLA1y/15HDa3fw=="
      },
      "Markdig": {
        "type": "Transitive",
        "resolved": "0.41.3",
        "contentHash": "i3vSTyGpBGWbJB04aJ3cPJs0T3BV2e1nduW3EUHK/i+xUupYbym75iZPss/XjqhS5JlBErwQYnx7ofK3Zcsozg=="
      },
      "Microsoft.Build.Tasks.Git": {
        "type": "Transitive",
        "resolved": "8.0.0",
        "contentHash": "bZKfSIKJRXLTuSzLudMFte/8CempWjVamNUR5eHJizsy+iuOuO/k2gnh7W0dHJmYY0tBf+gUErfluCv5mySAOQ=="
      },
      "Microsoft.Extensions.Caching.Memory": {
        "type": "Transitive",
        "resolved": "9.0.9",
        "contentHash": "ln31BtsDsBQxykJgxuCtiUXWRET9FmqeEq0BpPIghkYtGpDDVs8ZcLHAjCCzbw6aGoLek4Z7JaDjSO/CjOD0iw==",
        "dependencies": {
          "Microsoft.Extensions.Caching.Abstractions": "9.0.9",
          "Microsoft.Extensions.DependencyInjection.Abstractions": "9.0.9",
          "Microsoft.Extensions.Logging.Abstractions": "9.0.9",
          "Microsoft.Extensions.Options": "9.0.9",
          "Microsoft.Extensions.Primitives": "9.0.9"
        }
      },
      "Microsoft.Extensions.Configuration.Binder": {
        "type": "Transitive",
        "resolved": "9.0.8",
        "contentHash": "0vK9DnYrYChdiH3yRZWkkp4x4LbrfkWEdBc5HOsQ8t/0CLOWKXKkkhOE8A1shlex0hGydbGrhObeypxz/QTm+w==",
        "dependencies": {
          "Microsoft.Extensions.Configuration.Abstractions": "9.0.8"
        }
      },
      "Microsoft.Extensions.ObjectPool": {
        "type": "Transitive",
        "resolved": "9.0.8",
        "contentHash": "+OMy2qWbhf7HMGHDhHWUMo84Nlaphxj8p4rvn3kPpPUE2pv2GVQkI+QP4/+y8uZMSkjj6F5bthQPRJ1NNDK0jg=="
      },
      "Microsoft.Extensions.Options": {
        "type": "Transitive",
        "resolved": "9.0.9",
        "contentHash": "loxGGHE1FC2AefwPHzrjPq7X92LQm64qnU/whKfo6oWaceewPUVYQJBJs3S3E2qlWwnCpeZ+dGCPTX+5dgVAuQ==",
        "dependencies": {
          "Microsoft.Extensions.DependencyInjection.Abstractions": "9.0.9",
          "Microsoft.Extensions.Primitives": "9.0.9"
        }
      },
      "Microsoft.Extensions.Options.ConfigurationExtensions": {
        "type": "Transitive",
        "resolved": "9.0.8",
        "contentHash": "eW2s6n06x0w6w4nsX+SvpgsFYkl+Y0CttYAt6DKUXeqprX+hzNqjSfOh637fwNJBg7wRBrOIRHe49gKiTgJxzQ==",
        "dependencies": {
          "Microsoft.Extensions.Configuration.Abstractions": "9.0.8",
          "Microsoft.Extensions.Configuration.Binder": "9.0.8",
          "Microsoft.Extensions.DependencyInjection.Abstractions": "9.0.8",
          "Microsoft.Extensions.Options": "9.0.8",
          "Microsoft.Extensions.Primitives": "9.0.8"
        }
      },
      "Microsoft.Extensions.Primitives": {
        "type": "Transitive",
        "resolved": "9.0.9",
        "contentHash": "z4pyMePOrl733ltTowbN565PxBw1oAr8IHmIXNDiDqd22nFpYltX9KhrNC/qBWAG1/Zx5MHX+cOYhWJQYCO/iw=="
      },
      "Microsoft.ML.OnnxRuntime": {
        "type": "Transitive",
        "resolved": "1.20.0",
        "contentHash": "0vki11cpz/GGe2R3McIEXQTO+5LQdtRGILlaqULnAq/dYxjIMkLIFwj/JyBS0mKr4gEjgr9DNewc1pZmNdcHQQ==",
        "dependencies": {
          "Microsoft.ML.OnnxRuntime.Managed": "1.20.0"
        }
      },
      "Microsoft.ML.OnnxRuntime.Managed": {
        "type": "Transitive",
        "resolved": "1.20.0",
        "contentHash": "oo5zUEnnVFD0vFLAiHqj2ya48nVxhPwonjIT8uT7QXv/oHfDHa0u+o0yUKERVssqPtyt5D5xiBAiHjZintu7tg==",
        "dependencies": {
          "System.Memory": "4.5.5"
        }
      },
      "Microsoft.SourceLink.Common": {
        "type": "Transitive",
        "resolved": "8.0.0",
        "contentHash": "dk9JPxTCIevS75HyEQ0E4OVAFhB2N+V9ShCXf8Q6FkUQZDkgLI12y679Nym1YqsiSysuQskT7Z+6nUf3yab6Vw=="
      },
      "PdfPig": {
        "type": "Transitive",
        "resolved": "0.1.8",
        "contentHash": "lrqrQPAwziQV2E5uImAg1i3SpxDn5XdJ8q3sjRBgEdx1quq1ZftnKNyfp3sTY0J7OxpA14ryGBSSUdoGLGCHjw=="
      },
      "Pipelines.Sockets.Unofficial": {
        "type": "Transitive",
        "resolved": "2.2.8",
        "contentHash": "zG2FApP5zxSx6OcdJQLbZDk2AVlN2BNQD6MorwIfV6gVj0RRxWPEp2LXAxqDGZqeNV1Zp0BNPcNaey/GXmTdvQ==",
        "dependencies": {
          "System.IO.Pipelines": "5.0.1"
        }
      },
      "System.IO.Packaging": {
        "type": "Transitive",
        "resolved": "8.0.1",
        "contentHash": "KYkIOAvPexQOLDxPO2g0BVoWInnQhPpkFzRqvNrNrMhVT6kqhVr0zEb6KCHlptLFukxnZrjuMVAnxK7pOGUYrw=="
      },
      "System.IO.Pipelines": {
        "type": "Transitive",
        "resolved": "5.0.1",
        "contentHash": "qEePWsaq9LoEEIqhbGe6D5J8c9IqQOUuTzzV6wn1POlfdLkJliZY3OlB0j0f17uMWlqZYjH7txj+2YbyrIA8Yg=="
      },
      "System.Memory": {
        "type": "Transitive",
        "resolved": "4.5.5",
        "contentHash": "XIWiDvKPXaTveaB7HVganDlOCRoj03l+jrwNvcge/t8vhGYKvqV+dMv6G4SAX2NoNmN0wZfVPTAlFwZcZvVOUw=="
      },
      "fluxindex.core": {
        "type": "Project",
        "dependencies": {
          "FileFlux": "[0.2.4, )",
          "Microsoft.Extensions.Caching.Memory": "[9.0.9, )",
          "Microsoft.Extensions.Logging.Abstractions": "[9.0.9, )",
          "Microsoft.ML.OnnxRuntime": "[1.20.0, )",
          "Microsoft.ML.OnnxRuntime.Managed": "[1.20.0, )"
        }
      }
    }
  }
}