{
  "version": 2,
  "dependencies": {
    "net10.0": {
      "Microsoft.Extensions.DependencyInjection.Abstractions": {
        "type": "Direct",
        "requested": "[10.0.0, )",
        "resolved": "10.0.0",
        "contentHash": "L3AdmZ1WOK4XXT5YFPEwyt0ep6l8lGIPs7F5OOBZc77Zqeo01Of7XXICy47628sdVl0v/owxYJTe86DTgFwKCA=="
      },
      "Microsoft.Extensions.Http": {
        "type": "Direct",
        "requested": "[10.0.0, )",
        "resolved": "10.0.0",
        "contentHash": "r+mSvm/Ryc/iYcc9zcUG5VP9EBB8PL1rgVU6macEaYk45vmGRk9PntM3aynFKN6s3Q4WW36kedTycIctctpTUQ==",
        "dependencies": {
          "Microsoft.Extensions.Configuration.Abstractions": "10.0.0",
          "Microsoft.Extensions.DependencyInjection.Abstractions": "10.0.0",
          "Microsoft.Extensions.Diagnostics": "10.0.0",
          "Microsoft.Extensions.Logging": "10.0.0",
          "Microsoft.Extensions.Logging.Abstractions": "10.0.0",
          "Microsoft.Extensions.Options": "10.0.0"
        }
      },
      "Microsoft.Extensions.Logging.Abstractions": {
        "type": "Direct",
        "requested": "[10.0.0, )",
        "resolved": "10.0.0",
        "contentHash": "FU/IfjDfwaMuKr414SSQNTIti/69bHEMb+QKrskRb26oVqpx3lNFXMjs/RC9ZUuhBhcwDM2BwOgoMw+PZ+beqQ==",
        "dependencies": {
          "Microsoft.Extensions.DependencyInjection.Abstractions": "10.0.0"
        }
      },
      "Azure.Core": {
        "type": "Transitive",
        "resolved": "1.44.1",
        "contentHash": "YyznXLQZCregzHvioip07/BkzjuWNXogJEVz9T5W6TwjNr17ax41YGzYMptlo2G10oLCuVPoyva62y0SIRDixg==",
        "dependencies": {
          "Microsoft.Bcl.AsyncInterfaces": "6.0.0",
          "System.ClientModel": "1.1.0",
          "System.Memory.Data": "6.0.0"
        }
      },
      "CsvHelper": {
        "type": "Transitive",
        "resolved": "33.1.0",
        "contentHash": "kqfTOZGrn7NarNeXgjh86JcpTHUoeQDMB8t9NVa/ZtlSYiV1rxfRnQ49WaJsob4AiGrbK0XDzpyKkBwai4F8eg=="
      },
      "DocumentFormat.OpenXml": {
        "type": "Transitive",
        "resolved": "3.3.0",
        "contentHash": "JogRPJNiE6kKvbuCqVRX691pPWeGMqdQgjrUwRYkdpfkMmtElfqAgcRR73geYj7OtBeEpstldZXXzJw27LUI9w==",
        "dependencies": {
          "DocumentFormat.OpenXml.Framework": "3.3.0"
        }
      },
      "DocumentFormat.OpenXml.Framework": {
        "type": "Transitive",
        "resolved": "3.3.0",
        "contentHash": "R5CLzEoeyr7XDB7g3NTxRobcU19agaxVAhGZm+fZUShJGiU4bw8oUgnA2BNFepigJckfFMayOBMAbV3kDXNInA==",
        "dependencies": {
          "System.IO.Packaging": "8.0.1"
        }
      },
      "FileFlux.Core": {
        "type": "Transitive",
        "resolved": "0.6.1",
        "contentHash": "46k58NGH9Q41KjUN2KahS4ydbcWSetEI3pOgeRHuRkQxkWvN8TnQxMvlMT2bjw9eqmKiShzlV9IDVIicN6TfeA==",
        "dependencies": {
          "CsvHelper": "33.1.0",
          "DocumentFormat.OpenXml": "3.3.0",
          "HtmlAgilityPack": "1.12.4",
          "Mammoth": "1.11.0",
          "Markdig": "0.44.0",
          "Microsoft.Extensions.DependencyInjection.Abstractions": "10.0.0",
          "PdfPig": "0.1.12",
          "ReverseMarkdown": "4.7.1"
        }
      },
      "FluxCurator": {
        "type": "Transitive",
        "resolved": "0.5.0",
        "contentHash": "YXSzMk84UQLDoyUKf4dsXm6P2Ssug7fYgxuFXWtbCKAgYSIdnOcWGPsfD8rWxPSwMmi7Fp3p77otdO2bFM6l6g==",
        "dependencies": {
          "FluxCurator.Core": "0.5.0",
          "LocalEmbedder": "0.3.1",
          "Microsoft.Extensions.DependencyInjection.Abstractions": "9.0.0"
        }
      },
      "FluxCurator.Core": {
        "type": "Transitive",
        "resolved": "0.5.0",
        "contentHash": "ix7EcCukRwgQ4HvOAL+dYraJuO+hAAls6SiA+dpFVM7yfkT16wYvw/b6RqcZwKjhpYgyQNUW/1KCJ9ukVnCVKw=="
      },
      "Mammoth": {
        "type": "Transitive",
        "resolved": "1.11.0",
        "contentHash": "Gqb0ylU9ADphhD04gzYSncOeGsuQobm1ldgS+1xvKoJU+eiSydEla+FR6cDXf+o42j0vo9RXWJNNmsVSn6MPxA=="
      },
      "Markdig": {
        "type": "Transitive",
        "resolved": "0.44.0",
        "contentHash": "X+CYMjcUnh/yO24wOSQxVFLiGqWrrtXJ5M7toHiM1Zk4Fg9UMLN5fkaq6FSOWH+mIprsHHgDMlq3MJhmrXalhg=="
      },
      "Microsoft.Bcl.AsyncInterfaces": {
        "type": "Transitive",
        "resolved": "6.0.0",
        "contentHash": "UcSjPsst+DfAdJGVDsu346FX0ci0ah+lw3WRtn18NUwEqRt70HaOQ7lI72vy3+1LxtqI3T5GWwV39rQSrCzAeg=="
      },
      "Microsoft.Data.Sqlite.Core": {
        "type": "Transitive",
        "resolved": "10.0.0",
        "contentHash": "wPKG/Ym6tSMCo06UOZXzVfeFGzawnOZrTba/R3PfK+RhNuNELZ9I7nFns4WGTtv2kKlrlmmErgJ+kgTXHaNdHg==",
        "dependencies": {
          "SQLitePCLRaw.core": "2.1.11"
        }
      },
      "Microsoft.EntityFrameworkCore.Abstractions": {
        "type": "Transitive",
        "resolved": "10.0.0",
        "contentHash": "C+TT9k7f1GQ8agOfV512K9iwrzi76RXVSDiLx+iWC9pz3QhEpSF1Dyk+FpVvd8ULQ+rqymfM8KQ7g48ttQVyMg=="
      },
      "Microsoft.EntityFrameworkCore.Analyzers": {
        "type": "Transitive",
        "resolved": "10.0.0",
        "contentHash": "TxHQq0kn0tpYs2ljeRl8jtmWk720B0nteqI6mAZM77HWJpYT9Zj8SkkBBlj8K3Yeq18a6NBjz6YutE+shEk4Ag=="
      },
      "Microsoft.EntityFrameworkCore.Relational": {
        "type": "Transitive",
        "resolved": "10.0.0",
        "contentHash": "A3MX1ee7RDxWCUdx/KqP+74fbksz0UIhkVZh56YHvbPkEKsffCXgHU3LGkRDwqR/MrBNWLCWC/IVX79tzM30ZA==",
        "dependencies": {
          "Microsoft.EntityFrameworkCore": "10.0.0",
          "Microsoft.Extensions.Caching.Memory": "10.0.0",
          "Microsoft.Extensions.Configuration.Abstractions": "10.0.0",
          "Microsoft.Extensions.Logging": "10.0.0"
        }
      },
      "Microsoft.EntityFrameworkCore.Sqlite.Core": {
        "type": "Transitive",
        "resolved": "10.0.0",
        "contentHash": "VThKv9UqVxFEuuHvjAgMwy6ZFCeKJXOH+ISAR4IMuwlkozv26ptZhr09+6YxWrWwSR/Sinp8BxQ7qePCJFSALQ==",
        "dependencies": {
          "Microsoft.Data.Sqlite.Core": "10.0.0",
          "Microsoft.EntityFrameworkCore.Relational": "10.0.0",
          "Microsoft.Extensions.Caching.Memory": "10.0.0",
          "Microsoft.Extensions.Configuration.Abstractions": "10.0.0",
          "Microsoft.Extensions.DependencyModel": "10.0.0",
          "Microsoft.Extensions.Logging": "10.0.0",
          "SQLitePCLRaw.core": "2.1.11"
        }
      },
      "Microsoft.Extensions.DependencyModel": {
        "type": "Transitive",
        "resolved": "10.0.0",
        "contentHash": "RFYJR7APio/BiqdQunRq6DB+nDB6nc2qhHr77mlvZ0q0BT8PubMXN7XicmfzCbrDE/dzhBnUKBRXLTcqUiZDGg=="
      },
      "Microsoft.Extensions.Diagnostics": {
        "type": "Transitive",
        "resolved": "10.0.0",
        "contentHash": "xjkxIPgrT0mKTfBwb+CVqZnRchyZgzKIfDQOp8z+WUC6vPe3WokIf71z+hJPkH0YBUYJwa7Z/al1R087ib9oiw==",
        "dependencies": {
          "Microsoft.Extensions.Configuration": "10.0.0",
          "Microsoft.Extensions.Diagnostics.Abstractions": "10.0.0",
          "Microsoft.Extensions.Options.ConfigurationExtensions": "10.0.0"
        }
      },
      "Microsoft.Extensions.Diagnostics.Abstractions": {
        "type": "Transitive",
        "resolved": "10.0.0",
        "contentHash": "SfK89ytD61S7DgzorFljSkUeluC1ncn6dtZgwc0ot39f/BEYWBl5jpgvodxduoYAs1d9HG8faCDRZxE95UMo2A==",
        "dependencies": {
          "Microsoft.Extensions.DependencyInjection.Abstractions": "10.0.0",
          "Microsoft.Extensions.Options": "10.0.0"
        }
      },
      "Microsoft.Extensions.FileProviders.Abstractions": {
        "type": "Transitive",
        "resolved": "10.0.0",
        "contentHash": "/ppSdehKk3fuXjlqCDgSOtjRK/pSHU8eWgzSHfHdwVm5BP4Dgejehkw+PtxKG2j98qTDEHDst2Y99aNsmJldmw==",
        "dependencies": {
          "Microsoft.Extensions.Primitives": "10.0.0"
        }
      },
      "Microsoft.Extensions.ObjectPool": {
        "type": "Transitive",
        "resolved": "10.0.0",
        "contentHash": "bpeCq0IYmVLACyEUMzFIOQX+zZUElG1t+nu1lSxthe7B+1oNYking7b91305+jNB6iwojp9fqTY9O+Nh7ULQxg=="
      },
      "Microsoft.Extensions.Primitives": {
        "type": "Transitive",
        "resolved": "10.0.0",
        "contentHash": "inRnbpCS0nwO/RuoZIAqxQUuyjaknOOnCEZB55KSMMjRhl0RQDttSmLSGsUJN3RQ3ocf5NDLFd2mOQViHqMK5w=="
      },
      "Microsoft.ML.OnnxRuntime": {
        "type": "Transitive",
        "resolved": "1.23.2",
        "contentHash": "849xImRO0vxDH7DNlg/FAVGExKfjN1r2CIZevZGI5JQCoOj+0T23ShqPEgu5mLTwElot5X7V0qkO0jUz/yJZbA==",
        "dependencies": {
          "Microsoft.ML.OnnxRuntime.Managed": "1.23.2"
        }
      },
      "Microsoft.ML.OnnxRuntime.Managed": {
        "type": "Transitive",
        "resolved": "1.23.2",
        "contentHash": "HtlQuzmVrqhnkmwfmkQ+2re8xPxtVmeLRQaYSJ3pXfzKs4b36+yBfa/LnDuzfX1bGcyWn/McKxmbY87TCAmo1Q==",
        "dependencies": {
          "System.Numerics.Tensors": "9.0.0"
        }
      },
      "NTextCat": {
        "type": "Transitive",
        "resolved": "0.3.65",
        "contentHash": "Yc2mJwJJPf5rEmzadOPFWmsejuHbCIqKwmarrwibNT6MhySs3COKZ1dEL7Z+UzsiQ7pO2RWhpvatilxB+l4DaQ=="
      },
      "OpenAI": {
        "type": "Transitive",
        "resolved": "2.1.0",
        "contentHash": "zl72nyP4O94ZyEoCLoE8qoc5vp8kSJmRuqR+UdK+jNIjFJGWJYjsb4rAGpMWWRTbPYuk82E8myMJdVQurMLDnQ==",
        "dependencies": {
          "System.ClientModel": "1.2.1"
        }
      },
      "PdfPig": {
        "type": "Transitive",
        "resolved": "0.1.12",
        "contentHash": "QP5Ve0xOkqK+zejRIN+R3UDjceIjdViBBIGMSmbyh6MfTmgrQ7FAx3YmDUqIgVY2gwPZRUuZFPJJdppBI0pw/g=="
      },
      "Polly.Core": {
        "type": "Transitive",
        "resolved": "8.6.5",
        "contentHash": "t+sUVrIwvo7UmsgHGgOG9F0GDZSRIm47u2ylH17Gvcv1q5hNEwgD5GoBlFyc0kh/pebmPyrAgvGsR/65ZBaXlg=="
      },
      "ReverseMarkdown": {
        "type": "Transitive",
        "resolved": "4.7.1",
        "contentHash": "Tz8yJXg8J1O9xJn6fXzjeEcLTYjfwbauCGwK4f/dpxOOpo3iniXIggmRlJ7F91yHJPB0Gm4lk1/qV0Jxip4a8A==",
        "dependencies": {
          "HtmlAgilityPack": "1.12.1"
        }
      },
      "SQLitePCLRaw.bundle_e_sqlite3": {
        "type": "Transitive",
        "resolved": "2.1.11",
        "contentHash": "DC4nA7yWnf4UZdgJDF+9Mus4/cb0Y3Sfgi3gDnAoKNAIBwzkskNAbNbyu+u4atT0ruVlZNJfwZmwiEwE5oz9LQ==",
        "dependencies": {
          "SQLitePCLRaw.lib.e_sqlite3": "2.1.11",
          "SQLitePCLRaw.provider.e_sqlite3": "2.1.11"
        }
      },
      "SQLitePCLRaw.core": {
        "type": "Transitive",
        "resolved": "2.1.11",
        "contentHash": "PK0GLFkfhZzLQeR3PJf71FmhtHox+U3vcY6ZtswoMjrefkB9k6ErNJEnwXqc5KgXDSjige2XXrezqS39gkpQKA=="
      },
      "SQLitePCLRaw.lib.e_sqlite3": {
        "type": "Transitive",
        "resolved": "2.1.11",
        "contentHash": "Ev2ytaXiOlWZ4b3R67GZBsemTINslLD1DCJr2xiacpn4tbapu0Q4dHEzSvZSMnVWeE5nlObU3VZN2p81q3XOYQ=="
      },
      "SQLitePCLRaw.provider.e_sqlite3": {
        "type": "Transitive",
        "resolved": "2.1.11",
        "contentHash": "Y/0ZkR+r0Cg3DQFuCl1RBnv/tmxpIZRU3HUvelPw6MVaKHwYYR8YNvgs0vuNuXCMvlyJ+Fh88U1D4tah1tt6qw==",
        "dependencies": {
          "SQLitePCLRaw.core": "2.1.11"
        }
      },
      "System.ClientModel": {
        "type": "Transitive",
        "resolved": "1.2.1",
        "contentHash": "s9+M5El+DXdCRRLzxak8uGBKWT8H/eIssGpFtpaMKdJULrQbBDPH/zFbVyHX+NDczhS5EvjHFbBH9/L+0UhmcA==",
        "dependencies": {
          "System.Memory.Data": "6.0.0"
        }
      },
      "System.IO.Packaging": {
        "type": "Transitive",
        "resolved": "8.0.1",
        "contentHash": "KYkIOAvPexQOLDxPO2g0BVoWInnQhPpkFzRqvNrNrMhVT6kqhVr0zEb6KCHlptLFukxnZrjuMVAnxK7pOGUYrw=="
      },
      "System.Memory.Data": {
        "type": "Transitive",
        "resolved": "6.0.0",
        "contentHash": "ntFHArH3I4Lpjf5m4DCXQHJuGwWPNVJPaAvM95Jy/u+2Yzt2ryiyIN04LAogkjP9DeRcEOiviAjQotfmPq/FrQ=="
      },
      "System.Numerics.Tensors": {
        "type": "Transitive",
        "resolved": "10.0.0",
        "contentHash": "PxZKFx8ACAt7gRnTSDgtZFA06cimls5XL1Olv63bWF8qKL5+EQdqq3K02etW4LNut4xDoREPe9z7QYATLMkBPA=="
      },
      "fluxindex.ai.localembedder": {
        "type": "Project",
        "dependencies": {
          "FluxIndex.Core": "[0.2.20, )",
          "LocalEmbedder": "[0.3.1, )",
          "Microsoft.Extensions.Caching.Memory": "[10.0.0, )",
          "Microsoft.Extensions.DependencyInjection.Abstractions": "[10.0.0, )",
          "Microsoft.Extensions.Logging.Abstractions": "[10.0.0, )",
          "Microsoft.Extensions.Options": "[10.0.0, )"
        }
      },
      "fluxindex.ai.openai": {
        "type": "Project",
        "dependencies": {
          "Azure.AI.OpenAI": "[2.1.0, )",
          "FluxIndex.Core": "[0.2.20, )",
          "Microsoft.Extensions.DependencyInjection.Abstractions": "[10.0.0, )",
          "Microsoft.Extensions.Logging.Abstractions": "[10.0.0, )"
        }
      },
      "fluxindex.core": {
        "type": "Project",
        "dependencies": {
          "FileFlux": "[0.6.1, )",
          "Microsoft.Extensions.DependencyInjection.Abstractions": "[10.0.0, )",
          "Microsoft.Extensions.Logging.Abstractions": "[10.0.0, )"
        }
      },
      "fluxindex.storage.sqlite": {
        "type": "Project",
        "dependencies": {
          "FluxIndex.Core": "[0.2.20, )",
          "Microsoft.EntityFrameworkCore.Sqlite": "[10.0.0, )",
          "Microsoft.Extensions.Configuration.Binder": "[10.0.0, )",
          "Microsoft.Extensions.DependencyInjection.Abstractions": "[10.0.0, )",
          "Microsoft.Extensions.Hosting.Abstractions": "[10.0.0, )",
          "Microsoft.Extensions.Logging.Abstractions": "[10.0.0, )",
          "sqlite-vec": "[0.1.7-alpha.2.1, )"
        }
      },
      "Azure.AI.OpenAI": {
        "type": "CentralTransitive",
        "requested": "[2.1.0, )",
        "resolved": "2.1.0",
        "contentHash": "doixr3tcsIcdzbzF9NxKt+6U0NKj6aPeOCPYONPsWjyf3gxVndVJAdjPcVdqeR/3vcRHXRgGnGlv+iXx5jMA4g==",
        "dependencies": {
          "Azure.Core": "1.44.1",
          "OpenAI": "2.1.0"
        }
      },
      "FileFlux": {
        "type": "CentralTransitive",
        "requested": "[0.6.1, )",
        "resolved": "0.6.1",
        "contentHash": "oFI7/oNXk3ldbO3tb5jhvRvFOhxYy7rvWfGu36Qj1slvuAg1d6Uw+7DzkXTLoHvu24eXP/tjQR9uadhqRC+DBg==",
        "dependencies": {
          "CsvHelper": "33.1.0",
          "DocumentFormat.OpenXml": "3.3.0",
          "FileFlux.Core": "0.6.1",
          "FluxCurator": "0.5.0",
          "FluxImprover": "0.4.0",
          "HtmlAgilityPack": "1.12.4",
          "LocalEmbedder": "0.3.1",
          "Mammoth": "1.11.0",
          "Markdig": "0.44.0",
          "Microsoft.Extensions.Caching.Memory": "10.0.0",
          "Microsoft.Extensions.Configuration": "10.0.0",
          "Microsoft.Extensions.DependencyInjection.Abstractions": "10.0.0",
          "Microsoft.Extensions.Logging.Abstractions": "10.0.0",
          "Microsoft.Extensions.ObjectPool": "10.0.0",
          "Microsoft.Extensions.Options.ConfigurationExtensions": "10.0.0",
          "NTextCat": "0.3.65",
          "PdfPig": "0.1.12",
          "ReverseMarkdown": "4.7.1"
        }
      },
      "FluxImprover": {
        "type": "CentralTransitive",
        "requested": "[0.4.1, )",
        "resolved": "0.4.0",
        "contentHash": "iA89TFu1gr13hiAO2sC1hUSIQ0RDb7l14hB4tCsRxOZrTUe1Y1hhknbWY3yQO+tZAL6dcXuibYVZsplLAr0XgQ==",
        "dependencies": {
          "Microsoft.Extensions.DependencyInjection.Abstractions": "10.0.0",
          "Microsoft.Extensions.Options": "10.0.0",
          "Polly.Core": "8.6.5"
        }
      },
      "HtmlAgilityPack": {
        "type": "CentralTransitive",
        "requested": "[1.12.3, )",
        "resolved": "1.12.4",
        "contentHash": "ljqvBabvFwKoLniuoQKO8b5bJfJweKLs4fUNS/V5dsvpo0A8MlJqxxn9XVmP2DaskbUXty6IYaWAi1SArGIMeQ=="
      },
      "LocalEmbedder": {
        "type": "CentralTransitive",
        "requested": "[0.3.1, )",
        "resolved": "0.3.1",
        "contentHash": "Q2QoU32BqSVMhEAKTyF3tt3SVtrxzVX2biChEL/0HGBjQU2cLK/b2d7VQjsIZWmQxzf6LRu/rH6ZwMewG2GJkw==",
        "dependencies": {
          "Microsoft.ML.OnnxRuntime": "1.23.2",
          "System.Numerics.Tensors": "10.0.0"
        }
      },
      "Microsoft.EntityFrameworkCore": {
        "type": "CentralTransitive",
        "requested": "[10.0.0, )",
        "resolved": "10.0.0",
        "contentHash": "hHa2amRjMyBLUH/KTML6FgIAhZ0VFYkhCKwWEax0rO6iNeM1P5MflyeQLE5dniSIOZHc3Oqyv5UIyTFO4e1Auw==",
        "dependencies": {
          "Microsoft.EntityFrameworkCore.Abstractions": "10.0.0",
          "Microsoft.EntityFrameworkCore.Analyzers": "10.0.0",
          "Microsoft.Extensions.Caching.Memory": "10.0.0",
          "Microsoft.Extensions.Logging": "10.0.0"
        }
      },
      "Microsoft.EntityFrameworkCore.Sqlite": {
        "type": "CentralTransitive",
        "requested": "[10.0.0, )",
        "resolved": "10.0.0",
        "contentHash": "nukHe+yBlhitLUUtkanay7zTbHwtcIh/U5PfmwzZJJTCqui9h2Mt+Gifc9ZjJR7QIuE0zgNQQJaI8+eFxkBaEQ==",
        "dependencies": {
          "Microsoft.EntityFrameworkCore.Sqlite.Core": "10.0.0",
          "Microsoft.Extensions.Caching.Memory": "10.0.0",
          "Microsoft.Extensions.Configuration.Abstractions": "10.0.0",
          "Microsoft.Extensions.DependencyModel": "10.0.0",
          "Microsoft.Extensions.Logging": "10.0.0",
          "SQLitePCLRaw.bundle_e_sqlite3": "2.1.11",
          "SQLitePCLRaw.core": "2.1.11"
        }
      },
      "Microsoft.Extensions.Caching.Abstractions": {
        "type": "CentralTransitive",
        "requested": "[10.0.0, )",
        "resolved": "10.0.0",
        "contentHash": "Zcoy6H9mSoGyvr7UvlGokEZrlZkcPCICPZr8mCsSt9U/N8eeCwCXwKF5bShdA66R0obxBCwP4AxomQHvVkC/uA==",
        "dependencies": {
          "Microsoft.Extensions.Primitives": "10.0.0"
        }
      },
      "Microsoft.Extensions.Caching.Memory": {
        "type": "CentralTransitive",
        "requested": "[10.0.0, )",
        "resolved": "10.0.0",
        "contentHash": "krK19MKp0BNiR9rpBDW7PKSrTMLVlifS9am3CVc4O1Jq6GWz0o4F+sw5OSL4L3mVd56W8l6JRgghUa2KB51vOw==",
        "dependencies": {
          "Microsoft.Extensions.Caching.Abstractions": "10.0.0",
          "Microsoft.Extensions.DependencyInjection.Abstractions": "10.0.0",
          "Microsoft.Extensions.Logging.Abstractions": "10.0.0",
          "Microsoft.Extensions.Options": "10.0.0",
          "Microsoft.Extensions.Primitives": "10.0.0"
        }
      },
      "Microsoft.Extensions.Configuration": {
        "type": "CentralTransitive",
        "requested": "[10.0.0, )",
        "resolved": "10.0.0",
        "contentHash": "H4SWETCh/cC5L1WtWchHR6LntGk3rDTTznZMssr4cL8IbDmMWBxY+MOGDc/ASnqNolLKPIWHWeuC1ddiL/iNPw==",
        "dependencies": {
          "Microsoft.Extensions.Configuration.Abstractions": "10.0.0",
          "Microsoft.Extensions.Primitives": "10.0.0"
        }
      },
      "Microsoft.Extensions.Configuration.Abstractions": {
        "type": "CentralTransitive",
        "requested": "[10.0.0, )",
        "resolved": "10.0.0",
        "contentHash": "d2kDKnCsJvY7mBVhcjPSp9BkJk48DsaHPg5u+Oy4f8XaOqnEedRy/USyvnpHL92wpJ6DrTPy7htppUUzskbCXQ==",
        "dependencies": {
          "Microsoft.Extensions.Primitives": "10.0.0"
        }
      },
      "Microsoft.Extensions.Configuration.Binder": {
        "type": "CentralTransitive",
        "requested": "[10.0.0, )",
        "resolved": "10.0.0",
        "contentHash": "tMF9wNh+hlyYDWB8mrFCQHQmWHlRosol1b/N2Jrefy1bFLnuTlgSYmPyHNmz8xVQgs7DpXytBRWxGhG+mSTp0g==",
        "dependencies": {
          "Microsoft.Extensions.Configuration": "10.0.0",
          "Microsoft.Extensions.Configuration.Abstractions": "10.0.0"
        }
      },
      "Microsoft.Extensions.DependencyInjection": {
        "type": "CentralTransitive",
        "requested": "[10.0.0, )",
        "resolved": "10.0.0",
        "contentHash": "f0RBabswJq+gRu5a+hWIobrLWiUYPKMhCD9WO3sYBAdSy3FFH14LMvLVFZc2kPSCimBLxSuitUhsd6tb0TAY6A==",
        "dependencies": {
          "Microsoft.Extensions.DependencyInjection.Abstractions": "10.0.0"
        }
      },
      "Microsoft.Extensions.Hosting.Abstractions": {
        "type": "CentralTransitive",
        "requested": "[10.0.0, )",
        "resolved": "10.0.0",
        "contentHash": "KrN6TGFwCwqOkLLk/idW/XtDQh+8In+CL9T4M1Dx+5ScsjTq4TlVbal8q532m82UYrMr6RiQJF2HvYCN0QwVsA==",
        "dependencies": {
          "Microsoft.Extensions.Configuration.Abstractions": "10.0.0",
          "Microsoft.Extensions.DependencyInjection.Abstractions": "10.0.0",
          "Microsoft.Extensions.Diagnostics.Abstractions": "10.0.0",
          "Microsoft.Extensions.FileProviders.Abstractions": "10.0.0",
          "Microsoft.Extensions.Logging.Abstractions": "10.0.0"
        }
      },
      "Microsoft.Extensions.Logging": {
        "type": "CentralTransitive",
        "requested": "[10.0.0, )",
        "resolved": "10.0.0",
        "contentHash": "BStFkd5CcnEtarlcgYDBcFzGYCuuNMzPs02wN3WBsOFoYIEmYoUdAiU+au6opzoqfTYJsMTW00AeqDdnXH2CvA==",
        "dependencies": {
          "Microsoft.Extensions.DependencyInjection": "10.0.0",
          "Microsoft.Extensions.Logging.Abstractions": "10.0.0",
          "Microsoft.Extensions.Options": "10.0.0"
        }
      },
      "Microsoft.Extensions.Options": {
        "type": "CentralTransitive",
        "requested": "[10.0.0, )",
        "resolved": "10.0.0",
        "contentHash": "8oCAgXOow5XDrY9HaXX1QmH3ORsyZO/ANVHBlhLyCeWTH5Sg4UuqZeOTWJi6484M+LqSx0RqQXDJtdYy2BNiLQ==",
        "dependencies": {
          "Microsoft.Extensions.DependencyInjection.Abstractions": "10.0.0",
          "Microsoft.Extensions.Primitives": "10.0.0"
        }
      },
      "Microsoft.Extensions.Options.ConfigurationExtensions": {
        "type": "CentralTransitive",
        "requested": "[10.0.0, )",
        "resolved": "10.0.0",
        "contentHash": "tL9cSl3maS5FPzp/3MtlZI21ExWhni0nnUCF8HY4npTsINw45n9SNDbkKXBMtFyUFGSsQep25fHIDN4f/Vp3AQ==",
        "dependencies": {
          "Microsoft.Extensions.Configuration.Abstractions": "10.0.0",
          "Microsoft.Extensions.Configuration.Binder": "10.0.0",
          "Microsoft.Extensions.DependencyInjection.Abstractions": "10.0.0",
          "Microsoft.Extensions.Options": "10.0.0",
          "Microsoft.Extensions.Primitives": "10.0.0"
        }
      },
      "sqlite-vec": {
        "type": "CentralTransitive",
        "requested": "[0.1.7-alpha.2.1, )",
        "resolved": "0.1.7-alpha.2.1",
        "contentHash": "JCN6wMW9cX7e6tO6BZRBEdLT1qq8cRlQ5AdPvl6ZRjTKOJ2JjQXYI+wIAMb4EOXiDbbpt0IIv5rkkbPOMlrkRQ=="
      }
    }
  }
}