{
  "version": 2,
  "dependencies": {
    "net9.0": {
      "Microsoft.Extensions.DependencyInjection.Abstractions": {
        "type": "Direct",
        "requested": "[9.0.9, )",
        "resolved": "9.0.9",
        "contentHash": "/hymojfWbE9AlDOa0mczR44m00Jj+T3+HZO0ZnVTI032fVycI0ZbNOVFP6kqZMcXiLSYXzR2ilcwaRi6dzeGyA=="
      },
      "Microsoft.Extensions.Logging.Abstractions": {
        "type": "Direct",
        "requested": "[9.0.9, )",
        "resolved": "9.0.9",
        "contentHash": "FEgpSF+Z9StMvrsSViaybOBwR0f0ZZxDm8xV5cSOFiXN/t+ys+rwAlTd/6yG7Ld1gfppgvLcMasZry3GsI9lGA==",
        "dependencies": {
          "Microsoft.Extensions.DependencyInjection.Abstractions": "9.0.9"
        }
      },
      "Microsoft.Extensions.Primitives": {
        "type": "Transitive",
        "resolved": "9.0.9",
        "contentHash": "z4pyMePOrl733ltTowbN565PxBw1oAr8IHmIXNDiDqd22nFpYltX9KhrNC/qBWAG1/Zx5MHX+cOYhWJQYCO/iw=="
      },
      "fluxindex": {
        "type": "Project",
        "dependencies": {
          "Microsoft.Extensions.Caching.Memory": "[9.0.9, )",
          "Microsoft.Extensions.DependencyInjection.Abstractions": "[9.0.9, )",
          "Microsoft.Extensions.Logging.Abstractions": "[9.0.9, )"
        }
      },
      "Microsoft.Extensions.Caching.Abstractions": {
        "type": "CentralTransitive",
        "requested": "[9.0.9, )",
        "resolved": "9.0.9",
        "contentHash": "NgtRHOdPrAEacfjXLSrH/SRrSqGf6Vaa6d16mW2yoyJdg7AJr0BnBvxkv7PkCm/CHVyzojTK7Y+oUDEulqY1Qw==",
        "dependencies": {
          "Microsoft.Extensions.Primitives": "9.0.9"
        }
      },
      "Microsoft.Extensions.Caching.Memory": {
        "type": "CentralTransitive",
        "requested": "[9.0.9, )",
        "resolved": "9.0.9",
        "contentHash": "ln31BtsDsBQxykJgxuCtiUXWRET9FmqeEq0BpPIghkYtGpDDVs8ZcLHAjCCzbw6aGoLek4Z7JaDjSO/CjOD0iw==",
        "dependencies": {
          "Microsoft.Extensions.Caching.Abstractions": "9.0.9",
          "Microsoft.Extensions.DependencyInjection.Abstractions": "9.0.9",
          "Microsoft.Extensions.Logging.Abstractions": "9.0.9",
          "Microsoft.Extensions.Options": "9.0.9",
          "Microsoft.Extensions.Primitives": "9.0.9"
        }
      },
      "Microsoft.Extensions.Options": {
        "type": "CentralTransitive",
        "requested": "[9.0.9, )",
        "resolved": "9.0.9",
        "contentHash": "loxGGHE1FC2AefwPHzrjPq7X92LQm64qnU/whKfo6oWaceewPUVYQJBJs3S3E2qlWwnCpeZ+dGCPTX+5dgVAuQ==",
        "dependencies": {
          "Microsoft.Extensions.DependencyInjection.Abstractions": "9.0.9",
          "Microsoft.Extensions.Primitives": "9.0.9"
        }
      }
    }
  }
}