{
  "version": 2,
  "dependencies": {
    "net10.0": {
      "Microsoft.Extensions.Configuration.Json": {
        "type": "Direct",
        "requested": "[10.0.1, )",
        "resolved": "10.0.1",
        "contentHash": "0zW3eYBJlRctmgqk5s0kFIi5o5y2g80mvGCD8bkYxREPQlKUnr0ndU/Sop+UDIhyWN0fIi4RW63vo7BKTi7ncA==",
        "dependencies": {
          "Microsoft.Extensions.Configuration": "10.0.1",
          "Microsoft.Extensions.Configuration.Abstractions": "10.0.1",
          "Microsoft.Extensions.Configuration.FileExtensions": "10.0.1",
          "Microsoft.Extensions.FileProviders.Abstractions": "10.0.1"
        }
      },
      "Microsoft.Extensions.Configuration.UserSecrets": {
        "type": "Direct",
        "requested": "[10.0.1, )",
        "resolved": "10.0.1",
        "contentHash": "ULEJ0nkaW90JYJGkFujPcJtADXcJpXiSOLbokPcWJZ8iDbtDINifEYAUVqZVr81IDNTrRFul6O8RolOKOsgFPg==",
        "dependencies": {
          "Microsoft.Extensions.Configuration.Abstractions": "10.0.1",
          "Microsoft.Extensions.Configuration.Json": "10.0.1",
          "Microsoft.Extensions.FileProviders.Abstractions": "10.0.1",
          "Microsoft.Extensions.FileProviders.Physical": "10.0.1"
        }
      },
      "Microsoft.Extensions.Logging.Console": {
        "type": "Direct",
        "requested": "[10.0.1, )",
        "resolved": "10.0.1",
        "contentHash": "38Q8sEHwQ/+wVO/mwQBa0fcdHbezFpusHE+vBw/dSr6Fq/kzZm3H/NQX511Jki/R3FHd64IY559gdlHZQtYeEA==",
        "dependencies": {
          "Microsoft.Extensions.DependencyInjection.Abstractions": "10.0.1",
          "Microsoft.Extensions.Logging": "10.0.1",
          "Microsoft.Extensions.Logging.Abstractions": "10.0.1",
          "Microsoft.Extensions.Logging.Configuration": "10.0.1",
          "Microsoft.Extensions.Options": "10.0.1"
        }
      },
      "Spectre.Console": {
        "type": "Direct",
        "requested": "[0.54.0, )",
        "resolved": "0.54.0",
        "contentHash": "StDXCFayfy0yB1xzUHT2tgEpV1/HFTiS4JgsAQS49EYTfMixSwwucaQs/bIOCwXjWwIQTMuxjUIxcB5XsJkFJA=="
      },
      "System.CommandLine": {
        "type": "Direct",
        "requested": "[2.0.1, )",
        "resolved": "2.0.1",
        "contentHash": "GLc43eDFq8KbpxIb7UhTwV0vC5CzB0NspJvfFbfhoW4O057xCJXuO18KLpVn9x3JykQn2mRske6+I6JXHwqmDg=="
      },
      "AngleSharp": {
        "type": "Transitive",
        "resolved": "1.4.0",
        "contentHash": "6ph8mpaQx0KL0COYRt0kI8MB9gSp1PtKijKMhJU//+aVFgKAJLKDesG/+26JSaVCOrHNgPf12wpfoyRcMYOeXg=="
      },
      "FluxCurator.Core": {
        "type": "Transitive",
        "resolved": "0.6.0",
        "contentHash": "AWbZB9qgdEHRAicZS6CVgJGNlE/C9MZdupc2bPVh1Ir/VrlyqWUvs7Vpu20cTj023h3wrzS12Cdc62dWaGp4QQ=="
      },
      "Google.Protobuf": {
        "type": "Transitive",
        "resolved": "3.30.2",
        "contentHash": "Y2aOVLIt75yeeEWigg9V9YnjsEm53sADtLGq0gLhwaXpk3iu8tYSoauolyhenagA2sWno2TQ2WujI0HQd6s1Vw=="
      },
      "LocalAI.Core": {
        "type": "Transitive",
        "resolved": "0.7.2",
        "contentHash": "Q/kyzrA1LtUzjasJFQWEV9cytNDHPmklmEXovM7lDkGO/rUtnnJfOL7qpUoUMZjXPiwA5ahoLMxD8IqbzIqk0w==",
        "dependencies": {
          "Microsoft.ML.OnnxRuntime": "1.23.2"
        }
      },
      "LocalAI.Generator": {
        "type": "Transitive",
        "resolved": "0.7.0",
        "contentHash": "nWcKyqopvy946MddPWeIELGhOctspcpe8Ze6QatNnqFKdnp0p4tJOVvuC1RdgXZL6oki022IdC0LgNcXrsIv8Q==",
        "dependencies": {
          "LocalAI.Core": "0.7.0",
          "Microsoft.ML.OnnxRuntimeGenAI": "0.11.3"
        }
      },
      "LocalAI.Text.Core": {
        "type": "Transitive",
        "resolved": "0.7.2",
        "contentHash": "SkTslsm5JhOUksGKbuWT96uzuMVvDIfiux+e3B9KaWZI8jMSUOhkF0sfNTBRhaQ7epulHuxAui3F4DVXlogFhA==",
        "dependencies": {
          "LocalAI.Core": "0.7.2",
          "Microsoft.ML.Tokenizers": "2.0.0"
        }
      },
      "Markdig": {
        "type": "Transitive",
        "resolved": "0.44.0",
        "contentHash": "X+CYMjcUnh/yO24wOSQxVFLiGqWrrtXJ5M7toHiM1Zk4Fg9UMLN5fkaq6FSOWH+mIprsHHgDMlq3MJhmrXalhg=="
      },
      "Microsoft.Bcl.AsyncInterfaces": {
        "type": "Transitive",
        "resolved": "6.0.0",
        "contentHash": "UcSjPsst+DfAdJGVDsu346FX0ci0ah+lw3WRtn18NUwEqRt70HaOQ7lI72vy3+1LxtqI3T5GWwV39rQSrCzAeg=="
      },
      "Microsoft.Data.Sqlite.Core": {
        "type": "Transitive",
        "resolved": "10.0.1",
        "contentHash": "ACiR0/BskX5iKL0q9oYSdO46Igc2rD867Vd+RvM/0CU0+7dn4R40vIQPUWQkza5EGfc4Ts3DinnB8jo7WgQOTg==",
        "dependencies": {
          "SQLitePCLRaw.core": "2.1.11"
        }
      },
      "Microsoft.EntityFrameworkCore.Abstractions": {
        "type": "Transitive",
        "resolved": "10.0.1",
        "contentHash": "sp6Uq8Oc3RVGtmxLS3ZgzVeFHrpLNymsMudoeqRmB9pRTWgvq2S903sF5OnaaZmh4Bz6kpq7FwofE+DOhKJYvg=="
      },
      "Microsoft.EntityFrameworkCore.Analyzers": {
        "type": "Transitive",
        "resolved": "10.0.1",
        "contentHash": "Ug2lxkiz1bpnxQF/xdswLl5EBA6sAG2ig5nMjmtpQZO0C88ZnvUkbpH2vQq+8ultIRmvp5Ec2jndLGRMPjW0Ew=="
      },
      "Microsoft.EntityFrameworkCore.Relational": {
        "type": "Transitive",
        "resolved": "10.0.1",
        "contentHash": "8/5kYGwKN6wtc89QqcPTOZDAJSMX8MzKCf5OmYjIfAHWTfsUEpGKYrdtfNk4X36rQ0BiU3n57Y4rbtnerzJN0Q==",
        "dependencies": {
          "Microsoft.EntityFrameworkCore": "10.0.1",
          "Microsoft.Extensions.Caching.Memory": "10.0.1",
          "Microsoft.Extensions.Configuration.Abstractions": "10.0.1",
          "Microsoft.Extensions.Logging": "10.0.1"
        }
      },
      "Microsoft.EntityFrameworkCore.Sqlite.Core": {
        "type": "Transitive",
        "resolved": "10.0.1",
        "contentHash": "1rWpcHxWb5JbTPsJrrl2SN3qub3vajfr5zz8zu9fTFFHx1/GZdE8PkmdvFTKb11AGcmqjH8eA3siA+4bssjGfw==",
        "dependencies": {
          "Microsoft.Data.Sqlite.Core": "10.0.1",
          "Microsoft.EntityFrameworkCore.Relational": "10.0.1",
          "Microsoft.Extensions.Caching.Memory": "10.0.1",
          "Microsoft.Extensions.Configuration.Abstractions": "10.0.1",
          "Microsoft.Extensions.DependencyModel": "10.0.1",
          "Microsoft.Extensions.Logging": "10.0.1",
          "SQLitePCLRaw.core": "2.1.11"
        }
      },
      "Microsoft.Extensions.AI.Abstractions": {
        "type": "Transitive",
        "resolved": "9.8.0",
        "contentHash": "0++t+lPqX5amr7Kgh+ZFm1C5hhzMmFc5Dhoc6siNZ4sPXxy0pLTFRk+4vHn0hZf7Xe8Y9OoqL2cL4oTdjt8STQ=="
      },
      "Microsoft.Extensions.Caching.Abstractions": {
        "type": "Transitive",
        "resolved": "10.0.1",
        "contentHash": "Vb1vVAQDxHpXVdL9fpOX2BzeV7bbhzG4pAcIKRauRl0/VfkE8mq0f+fYC+gWICh3dlzTZInJ/cTeBS2MgU/XvQ==",
        "dependencies": {
          "Microsoft.Extensions.Primitives": "10.0.1"
        }
      },
      "Microsoft.Extensions.Configuration.FileExtensions": {
        "type": "Transitive",
        "resolved": "10.0.1",
        "contentHash": "N/6GiwiZFCBFZDk3vg1PhHW3zMqqu5WWpmeZAA9VTXv7Q8pr8NZR/EQsH0DjzqydDksJtY6EQBsu81d5okQOlA==",
        "dependencies": {
          "Microsoft.Extensions.Configuration": "10.0.1",
          "Microsoft.Extensions.Configuration.Abstractions": "10.0.1",
          "Microsoft.Extensions.FileProviders.Abstractions": "10.0.1",
          "Microsoft.Extensions.FileProviders.Physical": "10.0.1",
          "Microsoft.Extensions.Primitives": "10.0.1"
        }
      },
      "Microsoft.Extensions.DependencyModel": {
        "type": "Transitive",
        "resolved": "10.0.1",
        "contentHash": "IiWPd4j8JLNjSkyXl5hvJwX2ZENDVQVPDHYgZmYdw8+YkY2xp9iQt0vjdnAQZLpo/ipeW1xgOqfSBEnivKWPYQ=="
      },
      "Microsoft.Extensions.Diagnostics": {
        "type": "Transitive",
        "resolved": "10.0.1",
        "contentHash": "YaocqxscJLxLit0F5yq2XyB+9C7rSRfeTL7MJIl7XwaOoUO3i0EqfO2kmtjiRduYWw7yjcSINEApYZbzjau2gQ==",
        "dependencies": {
          "Microsoft.Extensions.Configuration": "10.0.1",
          "Microsoft.Extensions.Diagnostics.Abstractions": "10.0.1",
          "Microsoft.Extensions.Options.ConfigurationExtensions": "10.0.1"
        }
      },
      "Microsoft.Extensions.Diagnostics.Abstractions": {
        "type": "Transitive",
        "resolved": "10.0.1",
        "contentHash": "QMoMrkNpnQym5mpfdxfxpRDuqLpsOuztguFvzH9p+Ex+do+uLFoi7UkAsBO4e9/tNR3eMFraFf2fOAi2cp3jjA==",
        "dependencies": {
          "Microsoft.Extensions.DependencyInjection.Abstractions": "10.0.1",
          "Microsoft.Extensions.Options": "10.0.1"
        }
      },
      "Microsoft.Extensions.FileProviders.Abstractions": {
        "type": "Transitive",
        "resolved": "10.0.1",
        "contentHash": "+b3DligYSZuoWltU5YdbMpIEUHNZPgPrzWfNiIuDkMdqOl93UxYB5KzS3lgpRfTXJhTNpo/CZ8w/sTkDTPDdxQ==",
        "dependencies": {
          "Microsoft.Extensions.Primitives": "10.0.1"
        }
      },
      "Microsoft.Extensions.FileProviders.Physical": {
        "type": "Transitive",
        "resolved": "10.0.1",
        "contentHash": "4bxzGXIzZnz0Bf7czQ72jGvpOqJsRW/44PS7YLFXTTnu6cNcPvmSREDvBoH0ZVP2hAbMfL4sUoCUn54k70jPWw==",
        "dependencies": {
          "Microsoft.Extensions.FileProviders.Abstractions": "10.0.1",
          "Microsoft.Extensions.FileSystemGlobbing": "10.0.1",
          "Microsoft.Extensions.Primitives": "10.0.1"
        }
      },
      "Microsoft.Extensions.FileSystemGlobbing": {
        "type": "Transitive",
        "resolved": "10.0.1",
        "contentHash": "49dFvGJjLSwGn76eHnP1gBvCJkL8HRYpCrG0DCvsP6wRpEQRLN2Fq8rTxbP+6jS7jmYKCnSVO5C65v4mT3rzeA=="
      },
      "Microsoft.Extensions.Logging.Configuration": {
        "type": "Transitive",
        "resolved": "10.0.1",
        "contentHash": "Zg8LLnfZs5o2RCHD/+9NfDtJ40swauemwCa7sI8gQoAye/UJHRZNpCtC7a5XE7l9Z7mdI8iMWnLZ6m7Q6S3jLg==",
        "dependencies": {
          "Microsoft.Extensions.Configuration": "10.0.1",
          "Microsoft.Extensions.Configuration.Abstractions": "10.0.1",
          "Microsoft.Extensions.Configuration.Binder": "10.0.1",
          "Microsoft.Extensions.DependencyInjection.Abstractions": "10.0.1",
          "Microsoft.Extensions.Logging": "10.0.1",
          "Microsoft.Extensions.Logging.Abstractions": "10.0.1",
          "Microsoft.Extensions.Options": "10.0.1",
          "Microsoft.Extensions.Options.ConfigurationExtensions": "10.0.1"
        }
      },
      "Microsoft.Extensions.Options.ConfigurationExtensions": {
        "type": "Transitive",
        "resolved": "10.0.1",
        "contentHash": "pL78/Im7O3WmxHzlKUsWTYchKL881udU7E26gCD3T0+/tPhWVfjPwMzfN/MRKU7aoFYcOiqcG2k1QTlH5woWow==",
        "dependencies": {
          "Microsoft.Extensions.Configuration.Abstractions": "10.0.1",
          "Microsoft.Extensions.Configuration.Binder": "10.0.1",
          "Microsoft.Extensions.DependencyInjection.Abstractions": "10.0.1",
          "Microsoft.Extensions.Options": "10.0.1",
          "Microsoft.Extensions.Primitives": "10.0.1"
        }
      },
      "Microsoft.Extensions.Primitives": {
        "type": "Transitive",
        "resolved": "10.0.1",
        "contentHash": "DO8XrJkp5x4PddDuc/CH37yDBCs9BYN6ijlKyR3vMb55BP1Vwh90vOX8bNfnKxr5B2qEI3D8bvbY1fFbDveDHQ=="
      },
      "Microsoft.ML.OnnxRuntime": {
        "type": "Transitive",
        "resolved": "1.23.2",
        "contentHash": "849xImRO0vxDH7DNlg/FAVGExKfjN1r2CIZevZGI5JQCoOj+0T23ShqPEgu5mLTwElot5X7V0qkO0jUz/yJZbA==",
        "dependencies": {
          "Microsoft.ML.OnnxRuntime.Managed": "1.23.2"
        }
      },
      "Microsoft.ML.OnnxRuntime.Managed": {
        "type": "Transitive",
        "resolved": "1.23.2",
        "contentHash": "HtlQuzmVrqhnkmwfmkQ+2re8xPxtVmeLRQaYSJ3pXfzKs4b36+yBfa/LnDuzfX1bGcyWn/McKxmbY87TCAmo1Q==",
        "dependencies": {
          "System.Numerics.Tensors": "9.0.0"
        }
      },
      "Microsoft.ML.OnnxRuntimeGenAI": {
        "type": "Transitive",
        "resolved": "0.11.3",
        "contentHash": "TXzZl3rEkplhPeIZZKQBvnWIqHKPOQqyCD5DNpF4BC80byzwACf7ytxiSvVHKfKWFcKroW29Bm9mkBP7o3FOBA==",
        "dependencies": {
          "Microsoft.ML.OnnxRuntime": "1.23.2",
          "Microsoft.ML.OnnxRuntimeGenAI.Managed": "0.11.3"
        }
      },
      "Microsoft.ML.OnnxRuntimeGenAI.Managed": {
        "type": "Transitive",
        "resolved": "0.11.3",
        "contentHash": "ncA2k9W7BoRHcAHvvnbIMBsQnzCgERDxNGt7XRBdo0AACs0MrwnNDXyDzMZlKMr8aDW4ZQFvm0+8soo3w4KLsQ==",
        "dependencies": {
          "Microsoft.Extensions.AI.Abstractions": "9.8.0"
        }
      },
      "Microsoft.ML.Tokenizers": {
        "type": "Transitive",
        "resolved": "2.0.0",
        "contentHash": "+b8lT4cLLO/sBR2hjvE/qG6qrZG15h7/PBvnIrzTh4xDaAxdHUY6449rC+1pHzQUsBiCHZVbj+VMn+xS0sL7TA==",
        "dependencies": {
          "Google.Protobuf": "3.30.2"
        }
      },
      "Microsoft.Playwright": {
        "type": "Transitive",
        "resolved": "1.57.0",
        "contentHash": "DJXmZ64wwgakSrVZxsFJS8/epLEfac2Xfij66a0xY/ggfKqHIOeWeRaQQ97qxwA3FdyVwU1nWjAqeZhOZFxYMw==",
        "dependencies": {
          "Microsoft.Bcl.AsyncInterfaces": "6.0.0",
          "System.ComponentModel.Annotations": "5.0.0"
        }
      },
      "Polly": {
        "type": "Transitive",
        "resolved": "8.6.5",
        "contentHash": "VqtW2ZE/ALvQMAH1cQY3qZ2cF2OXa3oe/HKMdOv6Q02HCoEW0rsFNfcBONXlHBe1TnjWW1vdRxBEkPeq0/2FHA==",
        "dependencies": {
          "Polly.Core": "8.6.5"
        }
      },
      "Polly.Core": {
        "type": "Transitive",
        "resolved": "8.6.5",
        "contentHash": "t+sUVrIwvo7UmsgHGgOG9F0GDZSRIm47u2ylH17Gvcv1q5hNEwgD5GoBlFyc0kh/pebmPyrAgvGsR/65ZBaXlg=="
      },
      "Polly.Extensions.Http": {
        "type": "Transitive",
        "resolved": "3.0.0",
        "contentHash": "drrG+hB3pYFY7w1c3BD+lSGYvH2oIclH8GRSehgfyP5kjnFnHKQuuBhuHLv+PWyFuaTDyk/vfRpnxOzd11+J8g==",
        "dependencies": {
          "Polly": "7.1.0"
        }
      },
      "SQLitePCLRaw.bundle_e_sqlite3": {
        "type": "Transitive",
        "resolved": "2.1.11",
        "contentHash": "DC4nA7yWnf4UZdgJDF+9Mus4/cb0Y3Sfgi3gDnAoKNAIBwzkskNAbNbyu+u4atT0ruVlZNJfwZmwiEwE5oz9LQ==",
        "dependencies": {
          "SQLitePCLRaw.lib.e_sqlite3": "2.1.11",
          "SQLitePCLRaw.provider.e_sqlite3": "2.1.11"
        }
      },
      "SQLitePCLRaw.core": {
        "type": "Transitive",
        "resolved": "2.1.11",
        "contentHash": "PK0GLFkfhZzLQeR3PJf71FmhtHox+U3vcY6ZtswoMjrefkB9k6ErNJEnwXqc5KgXDSjige2XXrezqS39gkpQKA=="
      },
      "SQLitePCLRaw.lib.e_sqlite3": {
        "type": "Transitive",
        "resolved": "2.1.11",
        "contentHash": "Ev2ytaXiOlWZ4b3R67GZBsemTINslLD1DCJr2xiacpn4tbapu0Q4dHEzSvZSMnVWeE5nlObU3VZN2p81q3XOYQ=="
      },
      "SQLitePCLRaw.provider.e_sqlite3": {
        "type": "Transitive",
        "resolved": "2.1.11",
        "contentHash": "Y/0ZkR+r0Cg3DQFuCl1RBnv/tmxpIZRU3HUvelPw6MVaKHwYYR8YNvgs0vuNuXCMvlyJ+Fh88U1D4tah1tt6qw==",
        "dependencies": {
          "SQLitePCLRaw.core": "2.1.11"
        }
      },
      "System.ComponentModel.Annotations": {
        "type": "Transitive",
        "resolved": "5.0.0",
        "contentHash": "dMkqfy2el8A8/I76n2Hi1oBFEbG1SfxD2l5nhwXV3XjlnOmwxJlQbYpJH4W51odnU9sARCSAgv7S3CyAFMkpYg=="
      },
      "System.Numerics.Tensors": {
        "type": "Transitive",
        "resolved": "10.0.1",
        "contentHash": "1ERX7TgHGP8Cs3sHWp0Vk6kg9xVQSgLsumb5qw1KNiClUC5cs4lKZ1LzPHI/ZYY3at7EX2nx4uWU6SGSi2V8Kg=="
      },
      "YamlDotNet": {
        "type": "Transitive",
        "resolved": "16.3.0",
        "contentHash": "SgMOdxbz8X65z8hraIs6hOEdnkH6hESTAIUa7viEngHOYaH+6q5XJmwr1+yb9vJpNQ19hCQY69xbFsLtXpobQA=="
      },
      "fluxindex.core": {
        "type": "Project",
        "dependencies": {
          "FileFlux": "[0.8.5, )",
          "Microsoft.Extensions.DependencyInjection.Abstractions": "[10.0.1, )",
          "Microsoft.Extensions.Logging.Abstractions": "[10.0.1, )"
        }
      },
      "fluxindex.sdk": {
        "type": "Project",
        "dependencies": {
          "FileFlux": "[0.8.5, )",
          "FluxCurator": "[0.6.0, )",
          "FluxImprover": "[0.5.0, )",
          "FluxIndex.Core": "[0.4.1, )",
          "FluxIndex.Storage.SQLite": "[0.4.1, )",
          "LocalAI.Embedder": "[0.7.2, )",
          "LocalAI.Reranker": "[0.7.2, )",
          "Microsoft.Extensions.Caching.Memory": "[10.0.1, )",
          "Microsoft.Extensions.DependencyInjection.Abstractions": "[10.0.1, )",
          "Microsoft.Extensions.Hosting.Abstractions": "[10.0.1, )",
          "Microsoft.Extensions.Http": "[10.0.1, )",
          "Microsoft.Extensions.Logging.Abstractions": "[10.0.1, )",
          "Microsoft.Extensions.Options": "[10.0.1, )",
          "WebFlux": "[0.1.8, )"
        }
      },
      "fluxindex.storage.sqlite": {
        "type": "Project",
        "dependencies": {
          "FluxIndex.Core": "[0.4.1, )",
          "Microsoft.EntityFrameworkCore.Sqlite": "[10.0.1, )",
          "Microsoft.Extensions.Configuration.Binder": "[10.0.1, )",
          "Microsoft.Extensions.DependencyInjection.Abstractions": "[10.0.1, )",
          "Microsoft.Extensions.Hosting.Abstractions": "[10.0.1, )",
          "Microsoft.Extensions.Logging.Abstractions": "[10.0.1, )",
          "sqlite-vec": "[0.1.7-alpha.2.1, )"
        }
      },
      "FluxCurator": {
        "type": "CentralTransitive",
        "requested": "[0.6.0, )",
        "resolved": "0.6.0",
        "contentHash": "Yx0sCqDKO3mI8z+fDADBixeZsyYdvswiGteZP1JcxRBy4uIm8r1z8GGCbyko8BFBs1Py5TIFLZuusFiSsDI2aA==",
        "dependencies": {
          "FluxCurator.Core": "0.6.0",
          "LocalAI.Embedder": "0.7.0",
          "Microsoft.Extensions.DependencyInjection.Abstractions": "10.0.1"
        }
      },
      "FluxImprover": {
        "type": "CentralTransitive",
        "requested": "[0.5.0, )",
        "resolved": "0.5.0",
        "contentHash": "WHgunfC0cbn5St9JzOgDEB8tp6Ipm3PMmNS5rRYm3kp0LnUFjW8GtqQt4wEXFq7kqiG23FmGuduY0IS0zoYWBw==",
        "dependencies": {
          "LocalAI.Generator": "0.7.0",
          "Microsoft.Extensions.DependencyInjection.Abstractions": "10.0.1",
          "Microsoft.Extensions.Options": "10.0.1",
          "Polly.Core": "8.6.5"
        }
      },
      "HtmlAgilityPack": {
        "type": "CentralTransitive",
        "requested": "[1.12.4, )",
        "resolved": "1.12.4",
        "contentHash": "ljqvBabvFwKoLniuoQKO8b5bJfJweKLs4fUNS/V5dsvpo0A8MlJqxxn9XVmP2DaskbUXty6IYaWAi1SArGIMeQ=="
      },
      "LocalAI.Embedder": {
        "type": "CentralTransitive",
        "requested": "[0.7.2, )",
        "resolved": "0.7.2",
        "contentHash": "6SjAuHC2Le//nMNCvvFi/EXS8Hkpm3G/jpJC98cTBK+/QyT4iUrHttEnBm6NitKSuGpQkCD+u0MoWiKr2r566w==",
        "dependencies": {
          "LocalAI.Core": "0.7.2",
          "LocalAI.Text.Core": "0.7.2",
          "System.Numerics.Tensors": "10.0.1"
        }
      },
      "LocalAI.Reranker": {
        "type": "CentralTransitive",
        "requested": "[0.7.2, )",
        "resolved": "0.7.2",
        "contentHash": "slBAO/JKfhpl/SHPZwdVhQHrUQKEyscu6zudd5I4A3t2bUQJsVptWAioHK7ucWTuCiqn7HQ3J84ianwvaVVJ1Q==",
        "dependencies": {
          "LocalAI.Core": "0.7.2",
          "LocalAI.Text.Core": "0.7.2"
        }
      },
      "Microsoft.EntityFrameworkCore": {
        "type": "CentralTransitive",
        "requested": "[10.0.1, )",
        "resolved": "10.0.1",
        "contentHash": "QsXvZ8G7Dl7x09rlq0b2dye7QqfReMq8yGdl7Mffi3Ip+aTa+JUMixBZ4lhCs9Ygjz2e9tiUACstxI+ADkwaFg==",
        "dependencies": {
          "Microsoft.EntityFrameworkCore.Abstractions": "10.0.1",
          "Microsoft.EntityFrameworkCore.Analyzers": "10.0.1",
          "Microsoft.Extensions.Caching.Memory": "10.0.1",
          "Microsoft.Extensions.Logging": "10.0.1"
        }
      },
      "Microsoft.EntityFrameworkCore.Sqlite": {
        "type": "CentralTransitive",
        "requested": "[10.0.1, )",
        "resolved": "10.0.1",
        "contentHash": "Pzdcceryj0URGathTixUGBPifO9liMZLFG+aRKWORJEnMlDZYs3DRnzI3u2KHCo5SI7PuRpGKoyfgdVG1Pjv4g==",
        "dependencies": {
          "Microsoft.EntityFrameworkCore.Sqlite.Core": "10.0.1",
          "Microsoft.Extensions.Caching.Memory": "10.0.1",
          "Microsoft.Extensions.Configuration.Abstractions": "10.0.1",
          "Microsoft.Extensions.DependencyModel": "10.0.1",
          "Microsoft.Extensions.Logging": "10.0.1",
          "SQLitePCLRaw.bundle_e_sqlite3": "2.1.11",
          "SQLitePCLRaw.core": "2.1.11"
        }
      },
      "Microsoft.Extensions.Caching.Memory": {
        "type": "CentralTransitive",
        "requested": "[10.0.1, )",
        "resolved": "10.0.1",
        "contentHash": "NxqSP0Ky4dZ5ybszdZCqs1X2C70s+dXflqhYBUh/vhcQVTIooNCXIYnLVbafoAFGZMs51d9+rHxveXs0ZC3SQQ==",
        "dependencies": {
          "Microsoft.Extensions.Caching.Abstractions": "10.0.1",
          "Microsoft.Extensions.DependencyInjection.Abstractions": "10.0.1",
          "Microsoft.Extensions.Logging.Abstractions": "10.0.1",
          "Microsoft.Extensions.Options": "10.0.1",
          "Microsoft.Extensions.Primitives": "10.0.1"
        }
      },
      "Microsoft.Extensions.Configuration": {
        "type": "CentralTransitive",
        "requested": "[10.0.1, )",
        "resolved": "10.0.1",
        "contentHash": "njoRekyMIK+smav8B6KL2YgIfUtlsRNuT7wvurpLW+m/hoRKVnoELk2YxnUnWRGScCd1rukLMxShwLqEOKowDg==",
        "dependencies": {
          "Microsoft.Extensions.Configuration.Abstractions": "10.0.1",
          "Microsoft.Extensions.Primitives": "10.0.1"
        }
      },
      "Microsoft.Extensions.Configuration.Abstractions": {
        "type": "CentralTransitive",
        "requested": "[10.0.1, )",
        "resolved": "10.0.1",
        "contentHash": "kPlU11hql+L9RjrN2N9/0GcRcRcZrNFlLLjadasFWeBORT6pL6OE+RYRk90GGCyVGSxTK+e1/f3dsMj5zpFFiQ==",
        "dependencies": {
          "Microsoft.Extensions.Primitives": "10.0.1"
        }
      },
      "Microsoft.Extensions.Configuration.Binder": {
        "type": "CentralTransitive",
        "requested": "[10.0.1, )",
        "resolved": "10.0.1",
        "contentHash": "Lp4CZIuTVXtlvkAnTq6QvMSW7+H62gX2cU2vdFxHQUxvrWTpi7LwYI3X+YAyIS0r12/p7gaosco7efIxL4yFNw==",
        "dependencies": {
          "Microsoft.Extensions.Configuration": "10.0.1",
          "Microsoft.Extensions.Configuration.Abstractions": "10.0.1"
        }
      },
      "Microsoft.Extensions.DependencyInjection": {
        "type": "CentralTransitive",
        "requested": "[10.0.1, )",
        "resolved": "10.0.1",
        "contentHash": "zerXV0GAR9LCSXoSIApbWn+Dq1/T+6vbXMHGduq1LoVQRHT0BXsGQEau0jeLUBUcsoF/NaUT8ADPu8b+eNcIyg==",
        "dependencies": {
          "Microsoft.Extensions.DependencyInjection.Abstractions": "10.0.1"
        }
      },
      "Microsoft.Extensions.DependencyInjection.Abstractions": {
        "type": "CentralTransitive",
        "requested": "[10.0.1, )",
        "resolved": "10.0.1",
        "contentHash": "oIy8fQxxbUsSrrOvgBqlVgOeCtDmrcynnTG+FQufcUWBrwyPfwlUkCDB2vaiBeYPyT+20u9/HeuHeBf+H4F/8g=="
      },
      "Microsoft.Extensions.Hosting.Abstractions": {
        "type": "CentralTransitive",
        "requested": "[10.0.1, )",
        "resolved": "10.0.1",
        "contentHash": "qmoQkVZcbm4/gFpted3W3Y+1kTATZTcUhV3mRkbtpfBXlxWCHwh/2oMffVcCruaGOfJuEnyAsGyaSUouSdECOw==",
        "dependencies": {
          "Microsoft.Extensions.Configuration.Abstractions": "10.0.1",
          "Microsoft.Extensions.DependencyInjection.Abstractions": "10.0.1",
          "Microsoft.Extensions.Diagnostics.Abstractions": "10.0.1",
          "Microsoft.Extensions.FileProviders.Abstractions": "10.0.1",
          "Microsoft.Extensions.Logging.Abstractions": "10.0.1"
        }
      },
      "Microsoft.Extensions.Http": {
        "type": "CentralTransitive",
        "requested": "[10.0.1, )",
        "resolved": "10.0.1",
        "contentHash": "ZXJup9ReE1Ot3M8jqcw1b/lnc8USxyYS3cyLsssU39u04TES9JNGviWUGIvP3K7mMU3TF7kQl2aS0SmVwegflw==",
        "dependencies": {
          "Microsoft.Extensions.Configuration.Abstractions": "10.0.1",
          "Microsoft.Extensions.DependencyInjection.Abstractions": "10.0.1",
          "Microsoft.Extensions.Diagnostics": "10.0.1",
          "Microsoft.Extensions.Logging": "10.0.1",
          "Microsoft.Extensions.Logging.Abstractions": "10.0.1",
          "Microsoft.Extensions.Options": "10.0.1"
        }
      },
      "Microsoft.Extensions.Logging": {
        "type": "CentralTransitive",
        "requested": "[10.0.1, )",
        "resolved": "10.0.1",
        "contentHash": "9ItMpMLFZFJFqCuHLLbR3LiA4ahA8dMtYuXpXl2YamSDWZhYS9BruPprkftY0tYi2bQ0slNrixdFm+4kpz1g5w==",
        "dependencies": {
          "Microsoft.Extensions.DependencyInjection": "10.0.1",
          "Microsoft.Extensions.Logging.Abstractions": "10.0.1",
          "Microsoft.Extensions.Options": "10.0.1"
        }
      },
      "Microsoft.Extensions.Logging.Abstractions": {
        "type": "CentralTransitive",
        "requested": "[10.0.1, )",
        "resolved": "10.0.1",
        "contentHash": "YkmyiPIWAXVb+lPIrM0LE5bbtLOJkCiRTFiHpkVOvhI7uTvCfoOHLEN0LcsY56GpSD7NqX3gJNpsaDe87/B3zg==",
        "dependencies": {
          "Microsoft.Extensions.DependencyInjection.Abstractions": "10.0.1"
        }
      },
      "Microsoft.Extensions.Options": {
        "type": "CentralTransitive",
        "requested": "[10.0.1, )",
        "resolved": "10.0.1",
        "contentHash": "G6VVwywpJI4XIobetGHwg7wDOYC2L2XBYdtskxLaKF/Ynb5QBwLl7Q//wxAR2aVCLkMpoQrjSP9VoORkyddsNQ==",
        "dependencies": {
          "Microsoft.Extensions.DependencyInjection.Abstractions": "10.0.1",
          "Microsoft.Extensions.Primitives": "10.0.1"
        }
      },
      "sqlite-vec": {
        "type": "CentralTransitive",
        "requested": "[0.1.7-alpha.2.1, )",
        "resolved": "0.1.7-alpha.2.1",
        "contentHash": "JCN6wMW9cX7e6tO6BZRBEdLT1qq8cRlQ5AdPvl6ZRjTKOJ2JjQXYI+wIAMb4EOXiDbbpt0IIv5rkkbPOMlrkRQ=="
      },
      "WebFlux": {
        "type": "CentralTransitive",
        "requested": "[0.1.8, )",
        "resolved": "0.1.8",
        "contentHash": "g8bo/mL8Sw/IVoS94kxVHtQ47MOfXoq6X+OC5TcL4EMcUF7uDuVJm+WEytaMb3qGxQ5ITyFj/VCElhHbWeaiEw==",
        "dependencies": {
          "AngleSharp": "1.4.0",
          "HtmlAgilityPack": "1.12.4",
          "Markdig": "0.44.0",
          "Microsoft.Extensions.Caching.Abstractions": "10.0.1",
          "Microsoft.Extensions.Caching.Memory": "10.0.1",
          "Microsoft.Extensions.Configuration": "10.0.1",
          "Microsoft.Extensions.Configuration.Abstractions": "10.0.1",
          "Microsoft.Extensions.Configuration.Binder": "10.0.1",
          "Microsoft.Extensions.DependencyInjection": "10.0.1",
          "Microsoft.Extensions.DependencyInjection.Abstractions": "10.0.1",
          "Microsoft.Extensions.Http": "10.0.1",
          "Microsoft.Extensions.Logging": "10.0.1",
          "Microsoft.Extensions.Logging.Abstractions": "10.0.1",
          "Microsoft.Playwright": "1.57.0",
          "Polly": "8.6.5",
          "Polly.Extensions.Http": "3.0.0",
          "YamlDotNet": "16.3.0"
        }
      }
    }
  }
}