{
  "version": 2,
  "dependencies": {
    "net9.0": {
      "FileFlux": {
        "type": "Direct",
        "requested": "[0.2.9, )",
        "resolved": "0.2.9",
        "contentHash": "hFtpkwNXcVpJycnwntILlLhvZM+WdspiT/dMJyhAKfu+G4ZIhmSGYDz7L0JO6UjElosAgK0ejz97T9B7GoV9sA=="
      },
      "Microsoft.Extensions.Diagnostics": {
        "type": "Transitive",
        "resolved": "9.0.9",
        "contentHash": "gtzl9SD6CvFYOb92qEF41Z9rICzYniM342TWbbJwN3eLS6a5fCLFvO1pQGtpMSnP3h1zHXupMEeKSA9musWYCQ==",
        "dependencies": {
          "Microsoft.Extensions.Configuration": "9.0.9",
          "Microsoft.Extensions.Diagnostics.Abstractions": "9.0.9",
          "Microsoft.Extensions.Options.ConfigurationExtensions": "9.0.9"
        }
      },
      "Microsoft.Extensions.Diagnostics.Abstractions": {
        "type": "Transitive",
        "resolved": "9.0.9",
        "contentHash": "YHGmxccrVZ2Ar3eI+/NdbOHkd1/HzrHvmQ5yBsp0Gl7jTyBe6qcXNYjUt9v9JIO+Z14la44+YYEe63JSqs1fYg==",
        "dependencies": {
          "Microsoft.Extensions.DependencyInjection.Abstractions": "9.0.9",
          "Microsoft.Extensions.Options": "9.0.9"
        }
      },
      "Microsoft.Extensions.Primitives": {
        "type": "Transitive",
        "resolved": "9.0.9",
        "contentHash": "z4pyMePOrl733ltTowbN565PxBw1oAr8IHmIXNDiDqd22nFpYltX9KhrNC/qBWAG1/Zx5MHX+cOYhWJQYCO/iw=="
      },
      "fluxindex": {
        "type": "Project",
        "dependencies": {
          "Microsoft.Extensions.Caching.Memory": "[9.0.9, )",
          "Microsoft.Extensions.Logging.Abstractions": "[9.0.9, )"
        }
      },
      "fluxindex.core": {
        "type": "Project",
        "dependencies": {
          "FluxIndex": "[0.2.0, )"
        }
      },
      "fluxindex.sdk": {
        "type": "Project",
        "dependencies": {
          "FluxIndex": "[0.2.0, )",
          "FluxIndex.Core": "[0.2.0, )",
          "Microsoft.Extensions.Http": "[9.0.9, )"
        }
      },
      "Microsoft.Extensions.Caching.Abstractions": {
        "type": "CentralTransitive",
        "requested": "[9.0.0, )",
        "resolved": "9.0.9",
        "contentHash": "NgtRHOdPrAEacfjXLSrH/SRrSqGf6Vaa6d16mW2yoyJdg7AJr0BnBvxkv7PkCm/CHVyzojTK7Y+oUDEulqY1Qw==",
        "dependencies": {
          "Microsoft.Extensions.Primitives": "9.0.9"
        }
      },
      "Microsoft.Extensions.Caching.Memory": {
        "type": "CentralTransitive",
        "requested": "[9.0.9, )",
        "resolved": "9.0.9",
        "contentHash": "ln31BtsDsBQxykJgxuCtiUXWRET9FmqeEq0BpPIghkYtGpDDVs8ZcLHAjCCzbw6aGoLek4Z7JaDjSO/CjOD0iw==",
        "dependencies": {
          "Microsoft.Extensions.Caching.Abstractions": "9.0.9",
          "Microsoft.Extensions.DependencyInjection.Abstractions": "9.0.9",
          "Microsoft.Extensions.Logging.Abstractions": "9.0.9",
          "Microsoft.Extensions.Options": "9.0.9",
          "Microsoft.Extensions.Primitives": "9.0.9"
        }
      },
      "Microsoft.Extensions.Configuration": {
        "type": "CentralTransitive",
        "requested": "[9.0.9, )",
        "resolved": "9.0.9",
        "contentHash": "w87wF/90/VI0ZQBhf4rbMEeyEy0vi2WKjFmACsNAKNaorY+ZlVz7ddyXkbADvaWouMKffNmR0yQOGcrvSSvKGg==",
        "dependencies": {
          "Microsoft.Extensions.Configuration.Abstractions": "9.0.9",
          "Microsoft.Extensions.Primitives": "9.0.9"
        }
      },
      "Microsoft.Extensions.Configuration.Abstractions": {
        "type": "CentralTransitive",
        "requested": "[9.0.9, )",
        "resolved": "9.0.9",
        "contentHash": "p5RKAY9POvs3axwA/AQRuJeM8AHuE8h4qbP1NxQeGm0ep46aXz1oCLAp/oOYxX1GsjStgdhHrN3XXLLXr0+b3w==",
        "dependencies": {
          "Microsoft.Extensions.Primitives": "9.0.9"
        }
      },
      "Microsoft.Extensions.Configuration.Binder": {
        "type": "CentralTransitive",
        "requested": "[9.0.9, )",
        "resolved": "9.0.9",
        "contentHash": "6SIp/6Bngk4jm2W36JekZbiIbFPdE/eMUtrJEqIqHGpd1zar3jvgnwxnpWQfzUiGrkyY8q8s6V82zkkEZozghA==",
        "dependencies": {
          "Microsoft.Extensions.Configuration.Abstractions": "9.0.9"
        }
      },
      "Microsoft.Extensions.DependencyInjection": {
        "type": "CentralTransitive",
        "requested": "[9.0.9, )",
        "resolved": "9.0.9",
        "contentHash": "zQV2WOSP+3z1EuK91ULxfGgo2Y75bTRnmJHp08+w/YXAyekZutX/qCd88/HOMNh35MDW9mJJJxPpMPS+1Rww8A==",
        "dependencies": {
          "Microsoft.Extensions.DependencyInjection.Abstractions": "9.0.9"
        }
      },
      "Microsoft.Extensions.DependencyInjection.Abstractions": {
        "type": "CentralTransitive",
        "requested": "[9.0.9, )",
        "resolved": "9.0.9",
        "contentHash": "/hymojfWbE9AlDOa0mczR44m00Jj+T3+HZO0ZnVTI032fVycI0ZbNOVFP6kqZMcXiLSYXzR2ilcwaRi6dzeGyA=="
      },
      "Microsoft.Extensions.Http": {
        "type": "CentralTransitive",
        "requested": "[9.0.9, )",
        "resolved": "9.0.9",
        "contentHash": "dTmh5Rj4/WpirsN1PDs8YhyaodgtzxWqPKaT+B3Zn72uHKLJOuxIt06HTea126eEDWHYSLNN61I4snw7PuerFg==",
        "dependencies": {
          "Microsoft.Extensions.Configuration.Abstractions": "9.0.9",
          "Microsoft.Extensions.DependencyInjection.Abstractions": "9.0.9",
          "Microsoft.Extensions.Diagnostics": "9.0.9",
          "Microsoft.Extensions.Logging": "9.0.9",
          "Microsoft.Extensions.Logging.Abstractions": "9.0.9",
          "Microsoft.Extensions.Options": "9.0.9"
        }
      },
      "Microsoft.Extensions.Logging": {
        "type": "CentralTransitive",
        "requested": "[9.0.0, )",
        "resolved": "9.0.9",
        "contentHash": "MaCB0Y9hNDs4YLu3HCJbo199WnJT8xSgajG1JYGANz9FkseQ5f3v/llu3HxLI6mjDlu7pa7ps9BLPWjKzsAAzQ==",
        "dependencies": {
          "Microsoft.Extensions.DependencyInjection": "9.0.9",
          "Microsoft.Extensions.Logging.Abstractions": "9.0.9",
          "Microsoft.Extensions.Options": "9.0.9"
        }
      },
      "Microsoft.Extensions.Logging.Abstractions": {
        "type": "CentralTransitive",
        "requested": "[9.0.9, )",
        "resolved": "9.0.9",
        "contentHash": "FEgpSF+Z9StMvrsSViaybOBwR0f0ZZxDm8xV5cSOFiXN/t+ys+rwAlTd/6yG7Ld1gfppgvLcMasZry3GsI9lGA==",
        "dependencies": {
          "Microsoft.Extensions.DependencyInjection.Abstractions": "9.0.9"
        }
      },
      "Microsoft.Extensions.Options": {
        "type": "CentralTransitive",
        "requested": "[9.0.9, )",
        "resolved": "9.0.9",
        "contentHash": "loxGGHE1FC2AefwPHzrjPq7X92LQm64qnU/whKfo6oWaceewPUVYQJBJs3S3E2qlWwnCpeZ+dGCPTX+5dgVAuQ==",
        "dependencies": {
          "Microsoft.Extensions.DependencyInjection.Abstractions": "9.0.9",
          "Microsoft.Extensions.Primitives": "9.0.9"
        }
      },
      "Microsoft.Extensions.Options.ConfigurationExtensions": {
        "type": "CentralTransitive",
        "requested": "[9.0.0, )",
        "resolved": "9.0.9",
        "contentHash": "n4DCdnn2qs6V5U06Sx62FySEAZsJiJJgOzrPHDh9hPK7c2W8hEabC76F3Re3tGPjpiKa02RvB6FxZyxo8iICzg==",
        "dependencies": {
          "Microsoft.Extensions.Configuration.Abstractions": "9.0.9",
          "Microsoft.Extensions.Configuration.Binder": "9.0.9",
          "Microsoft.Extensions.DependencyInjection.Abstractions": "9.0.9",
          "Microsoft.Extensions.Options": "9.0.9",
          "Microsoft.Extensions.Primitives": "9.0.9"
        }
      }
    }
  }
}